// !$*UTF8*$!
{
	archiveVersion = 1;
	classes = {
	};
	objectVersion = 46;
	objects = {

/* Begin PBXBuildFile section */
		2A98502D1748E22900D8971B /* UIKit.framework in Frameworks */ = {isa = PBXBuildFile; fileRef = 2A98502C1748E22900D8971B /* UIKit.framework */; };
		2A98502F1748E22900D8971B /* Foundation.framework in Frameworks */ = {isa = PBXBuildFile; fileRef = 2A98502E1748E22900D8971B /* Foundation.framework */; };
		2A9850311748E22900D8971B /* CoreGraphics.framework in Frameworks */ = {isa = PBXBuildFile; fileRef = 2A9850301748E22900D8971B /* CoreGraphics.framework */; };
		2A9850331748E22900D8971B /* CoreData.framework in Frameworks */ = {isa = PBXBuildFile; fileRef = 2A9850321748E22900D8971B /* CoreData.framework */; };
		2A9850391748E22900D8971B /* InfoPlist.strings in Resources */ = {isa = PBXBuildFile; fileRef = 2A9850371748E22900D8971B /* InfoPlist.strings */; };
		2A98503B1748E22900D8971B /* main.m in Sources */ = {isa = PBXBuildFile; fileRef = 2A98503A1748E22900D8971B /* main.m */; };
		2A9850411748E22900D8971B /* Default.png in Resources */ = {isa = PBXBuildFile; fileRef = 2A9850401748E22900D8971B /* Default.png */; };
		2A9850431748E22900D8971B /* Default@2x.png in Resources */ = {isa = PBXBuildFile; fileRef = 2A9850421748E22900D8971B /* Default@2x.png */; };
		2A9850451748E22900D8971B /* Default-568h@2x.png in Resources */ = {isa = PBXBuildFile; fileRef = 2A9850441748E22900D8971B /* Default-568h@2x.png */; };
		2A9850481748E22A00D8971B /* Service_Registry.xcdatamodeld in Sources */ = {isa = PBXBuildFile; fileRef = 2A9850461748E22A00D8971B /* Service_Registry.xcdatamodeld */; };
		2A9850501748E22A00D8971B /* SenTestingKit.framework in Frameworks */ = {isa = PBXBuildFile; fileRef = 2A98504F1748E22A00D8971B /* SenTestingKit.framework */; };
		2A9850511748E22A00D8971B /* UIKit.framework in Frameworks */ = {isa = PBXBuildFile; fileRef = 2A98502C1748E22900D8971B /* UIKit.framework */; };
		2A9850521748E22A00D8971B /* Foundation.framework in Frameworks */ = {isa = PBXBuildFile; fileRef = 2A98502E1748E22900D8971B /* Foundation.framework */; };
		2A9850531748E22A00D8971B /* CoreData.framework in Frameworks */ = {isa = PBXBuildFile; fileRef = 2A9850321748E22900D8971B /* CoreData.framework */; };
		2A98505B1748E22A00D8971B /* InfoPlist.strings in Resources */ = {isa = PBXBuildFile; fileRef = 2A9850591748E22A00D8971B /* InfoPlist.strings */; };
		2A98505E1748E22A00D8971B /* Service_RegistryTests.m in Sources */ = {isa = PBXBuildFile; fileRef = 2A98505D1748E22A00D8971B /* Service_RegistryTests.m */; };
		2A98509F1749427000D8971B /* SystemConfiguration.framework in Frameworks */ = {isa = PBXBuildFile; fileRef = 2A98509E1749427000D8971B /* SystemConfiguration.framework */; };
		2A9850A11749429700D8971B /* Security.framework in Frameworks */ = {isa = PBXBuildFile; fileRef = 2A9850A01749429700D8971B /* Security.framework */; };
		2A98548F17495B1500D8971B /* GameKit.framework in Frameworks */ = {isa = PBXBuildFile; fileRef = 2A98548E17495B1500D8971B /* GameKit.framework */; };
		2A9854A51749626F00D8971B /* MainWindow.xib in Resources */ = {isa = PBXBuildFile; fileRef = 2A9854A31749626F00D8971B /* MainWindow.xib */; };
		2A9854A61749626F00D8971B /* thecomputerguylogo.png in Resources */ = {isa = PBXBuildFile; fileRef = 2A9854A41749626F00D8971B /* thecomputerguylogo.png */; };
		2A98764A1750A9C900D02912 /* SenTestingKit.framework in Frameworks */ = {isa = PBXBuildFile; fileRef = 2A98504F1748E22A00D8971B /* SenTestingKit.framework */; };
		2A98769E1750AA5B00D02912 /* GTLDefines.h in Resources */ = {isa = PBXBuildFile; fileRef = 2A9876601750AA5B00D02912 /* GTLDefines.h */; };
		2A98769F1750AA5B00D02912 /* GTLObject.h in Resources */ = {isa = PBXBuildFile; fileRef = 2A9876611750AA5B00D02912 /* GTLObject.h */; };
		2A9876A01750AA5B00D02912 /* GTLObject.m in Resources */ = {isa = PBXBuildFile; fileRef = 2A9876621750AA5B00D02912 /* GTLObject.m */; };
		2A9876A11750AA5B00D02912 /* GTLQuery.h in Resources */ = {isa = PBXBuildFile; fileRef = 2A9876631750AA5B00D02912 /* GTLQuery.h */; };
		2A9876A21750AA5B00D02912 /* GTLQuery.m in Resources */ = {isa = PBXBuildFile; fileRef = 2A9876641750AA5B00D02912 /* GTLQuery.m */; };
		2A9876A31750AA5B00D02912 /* GTLBatchQuery.h in Resources */ = {isa = PBXBuildFile; fileRef = 2A9876651750AA5B00D02912 /* GTLBatchQuery.h */; };
		2A9876A41750AA5B00D02912 /* GTLBatchQuery.m in Resources */ = {isa = PBXBuildFile; fileRef = 2A9876661750AA5B00D02912 /* GTLBatchQuery.m */; };
		2A9876A51750AA5B00D02912 /* GTLService.h in Resources */ = {isa = PBXBuildFile; fileRef = 2A9876671750AA5B00D02912 /* GTLService.h */; };
		2A9876A61750AA5B00D02912 /* GTLService.m in Resources */ = {isa = PBXBuildFile; fileRef = 2A9876681750AA5B00D02912 /* GTLService.m */; };
		2A9876A71750AA5B00D02912 /* GTLBatchResult.h in Resources */ = {isa = PBXBuildFile; fileRef = 2A9876691750AA5B00D02912 /* GTLBatchResult.h */; };
		2A9876A81750AA5B00D02912 /* GTLBatchResult.m in Resources */ = {isa = PBXBuildFile; fileRef = 2A98766A1750AA5B00D02912 /* GTLBatchResult.m */; };
		2A9876A91750AA5B00D02912 /* GTLUploadParameters.h in Resources */ = {isa = PBXBuildFile; fileRef = 2A98766B1750AA5B00D02912 /* GTLUploadParameters.h */; };
		2A9876AA1750AA5B00D02912 /* GTLUploadParameters.m in Resources */ = {isa = PBXBuildFile; fileRef = 2A98766C1750AA5B00D02912 /* GTLUploadParameters.m */; };
		2A9876AB1750AA5B00D02912 /* GTLDateTime.h in Resources */ = {isa = PBXBuildFile; fileRef = 2A98766D1750AA5B00D02912 /* GTLDateTime.h */; };
		2A9876AC1750AA5B00D02912 /* GTLDateTime.m in Resources */ = {isa = PBXBuildFile; fileRef = 2A98766E1750AA5B00D02912 /* GTLDateTime.m */; };
		2A9876AD1750AA5B00D02912 /* GTLErrorObject.h in Resources */ = {isa = PBXBuildFile; fileRef = 2A98766F1750AA5B00D02912 /* GTLErrorObject.h */; };
		2A9876AE1750AA5B00D02912 /* GTLErrorObject.m in Resources */ = {isa = PBXBuildFile; fileRef = 2A9876701750AA5B00D02912 /* GTLErrorObject.m */; };
		2A9876AF1750AA5B00D02912 /* GTLRuntimeCommon.h in Resources */ = {isa = PBXBuildFile; fileRef = 2A9876711750AA5B00D02912 /* GTLRuntimeCommon.h */; };
		2A9876B01750AA5B00D02912 /* GTLRuntimeCommon.m in Resources */ = {isa = PBXBuildFile; fileRef = 2A9876721750AA5B00D02912 /* GTLRuntimeCommon.m */; };
		2A9876B11750AA5B00D02912 /* GTLFramework.h in Resources */ = {isa = PBXBuildFile; fileRef = 2A9876741750AA5B00D02912 /* GTLFramework.h */; };
		2A9876B21750AA5B00D02912 /* GTLFramework.m in Resources */ = {isa = PBXBuildFile; fileRef = 2A9876751750AA5B00D02912 /* GTLFramework.m */; };
		2A9876B31750AA5B00D02912 /* GTLJSONParser.h in Resources */ = {isa = PBXBuildFile; fileRef = 2A9876761750AA5B00D02912 /* GTLJSONParser.h */; };
		2A9876B41750AA5B00D02912 /* GTLJSONParser.m in Resources */ = {isa = PBXBuildFile; fileRef = 2A9876771750AA5B00D02912 /* GTLJSONParser.m */; };
		2A9876B51750AA5B00D02912 /* GTLTargetNamespace.h in Resources */ = {isa = PBXBuildFile; fileRef = 2A9876781750AA5B00D02912 /* GTLTargetNamespace.h */; };
		2A9876B61750AA5B00D02912 /* GTLUtilities.h in Resources */ = {isa = PBXBuildFile; fileRef = 2A9876791750AA5B00D02912 /* GTLUtilities.h */; };
		2A9876B71750AA5B00D02912 /* GTLUtilities.m in Resources */ = {isa = PBXBuildFile; fileRef = 2A98767A1750AA5B00D02912 /* GTLUtilities.m */; };
		2A9876B81750AA5B00D02912 /* GTLBase64.h in Resources */ = {isa = PBXBuildFile; fileRef = 2A98767B1750AA5B00D02912 /* GTLBase64.h */; };
		2A9876B91750AA5B00D02912 /* GTLBase64.m in Resources */ = {isa = PBXBuildFile; fileRef = 2A98767C1750AA5B00D02912 /* GTLBase64.m */; };
		2A9876BA1750AA5B00D02912 /* GTMHTTPFetcherService.h in Resources */ = {isa = PBXBuildFile; fileRef = 2A98767E1750AA5B00D02912 /* GTMHTTPFetcherService.h */; };
		2A9876BB1750AA5B00D02912 /* GTMHTTPFetcherService.m in Resources */ = {isa = PBXBuildFile; fileRef = 2A98767F1750AA5B00D02912 /* GTMHTTPFetcherService.m */; };
		2A9876BC1750AA5B00D02912 /* GTMHTTPFetcher.h in Resources */ = {isa = PBXBuildFile; fileRef = 2A9876801750AA5B00D02912 /* GTMHTTPFetcher.h */; };
		2A9876BD1750AA5B00D02912 /* GTMHTTPFetcher.m in Resources */ = {isa = PBXBuildFile; fileRef = 2A9876811750AA5B00D02912 /* GTMHTTPFetcher.m */; };
		2A9876BE1750AA5B00D02912 /* GTMHTTPFetcherLogging.h in Resources */ = {isa = PBXBuildFile; fileRef = 2A9876821750AA5B00D02912 /* GTMHTTPFetcherLogging.h */; };
		2A9876BF1750AA5B00D02912 /* GTMHTTPFetcherLogging.m in Resources */ = {isa = PBXBuildFile; fileRef = 2A9876831750AA5B00D02912 /* GTMHTTPFetcherLogging.m */; };
		2A9876C01750AA5B00D02912 /* GTMHTTPFetchHistory.h in Resources */ = {isa = PBXBuildFile; fileRef = 2A9876841750AA5B00D02912 /* GTMHTTPFetchHistory.h */; };
		2A9876C11750AA5B00D02912 /* GTMHTTPFetchHistory.m in Resources */ = {isa = PBXBuildFile; fileRef = 2A9876851750AA5B00D02912 /* GTMHTTPFetchHistory.m */; };
		2A9876C21750AA5B00D02912 /* GTMHTTPUploadFetcher.h in Resources */ = {isa = PBXBuildFile; fileRef = 2A9876861750AA5B00D02912 /* GTMHTTPUploadFetcher.h */; };
		2A9876C31750AA5B00D02912 /* GTMHTTPUploadFetcher.m in Resources */ = {isa = PBXBuildFile; fileRef = 2A9876871750AA5B00D02912 /* GTMHTTPUploadFetcher.m */; };
		2A9876C41750AA5B00D02912 /* GTMGatherInputStream.h in Resources */ = {isa = PBXBuildFile; fileRef = 2A9876881750AA5B00D02912 /* GTMGatherInputStream.h */; };
		2A9876C51750AA5B00D02912 /* GTMGatherInputStream.m in Resources */ = {isa = PBXBuildFile; fileRef = 2A9876891750AA5B00D02912 /* GTMGatherInputStream.m */; };
		2A9876C61750AA5B00D02912 /* GTMMIMEDocument.h in Resources */ = {isa = PBXBuildFile; fileRef = 2A98768A1750AA5B00D02912 /* GTMMIMEDocument.h */; };
		2A9876C71750AA5B00D02912 /* GTMMIMEDocument.m in Resources */ = {isa = PBXBuildFile; fileRef = 2A98768B1750AA5B00D02912 /* GTMMIMEDocument.m */; };
		2A9876C81750AA5B00D02912 /* GTMReadMonitorInputStream.h in Resources */ = {isa = PBXBuildFile; fileRef = 2A98768C1750AA5B00D02912 /* GTMReadMonitorInputStream.h */; };
		2A9876C91750AA5B00D02912 /* GTMReadMonitorInputStream.m in Resources */ = {isa = PBXBuildFile; fileRef = 2A98768D1750AA5B00D02912 /* GTMReadMonitorInputStream.m */; };
		2A9876CA1750AA5B00D02912 /* GTMOAuth2Authentication.h in Resources */ = {isa = PBXBuildFile; fileRef = 2A98768F1750AA5B00D02912 /* GTMOAuth2Authentication.h */; };
		2A9876CB1750AA5B00D02912 /* GTMOAuth2Authentication.m in Resources */ = {isa = PBXBuildFile; fileRef = 2A9876901750AA5B00D02912 /* GTMOAuth2Authentication.m */; };
		2A9876CC1750AA5B00D02912 /* GTMOAuth2SignIn.h in Resources */ = {isa = PBXBuildFile; fileRef = 2A9876911750AA5B00D02912 /* GTMOAuth2SignIn.h */; };
		2A9876CD1750AA5B00D02912 /* GTMOAuth2SignIn.m in Resources */ = {isa = PBXBuildFile; fileRef = 2A9876921750AA5B00D02912 /* GTMOAuth2SignIn.m */; };
		2A9876CE1750AA5B00D02912 /* GTMOAuth2Window.xib in Resources */ = {isa = PBXBuildFile; fileRef = 2A9876931750AA5B00D02912 /* GTMOAuth2Window.xib */; };
		2A9876CF1750AA5B00D02912 /* GTMOAuth2WindowController.h in Resources */ = {isa = PBXBuildFile; fileRef = 2A9876941750AA5B00D02912 /* GTMOAuth2WindowController.h */; };
		2A9876D01750AA5B00D02912 /* GTMOAuth2WindowController.m in Resources */ = {isa = PBXBuildFile; fileRef = 2A9876951750AA5B00D02912 /* GTMOAuth2WindowController.m */; };
		2A9876D11750AA5B00D02912 /* GTMOAuth2ViewControllerTouch.h in Resources */ = {isa = PBXBuildFile; fileRef = 2A9876971750AA5B00D02912 /* GTMOAuth2ViewControllerTouch.h */; };
		2A9876D21750AA5B00D02912 /* GTMOAuth2ViewControllerTouch.m in Resources */ = {isa = PBXBuildFile; fileRef = 2A9876981750AA5B00D02912 /* GTMOAuth2ViewControllerTouch.m */; };
		2A9876D31750AA5B00D02912 /* GTMOAuth2ViewTouch.xib in Resources */ = {isa = PBXBuildFile; fileRef = 2A9876991750AA5B00D02912 /* GTMOAuth2ViewTouch.xib */; };
		2A98770A1750AAED00D02912 /* GTLDrive_Sources.m in Sources */ = {isa = PBXBuildFile; fileRef = 2A9876D71750AAEC00D02912 /* GTLDrive_Sources.m */; };
		2A98770B1750AAED00D02912 /* GTLDriveAbout.m in Sources */ = {isa = PBXBuildFile; fileRef = 2A9876D91750AAEC00D02912 /* GTLDriveAbout.m */; };
		2A98770C1750AAED00D02912 /* GTLDriveApp.m in Sources */ = {isa = PBXBuildFile; fileRef = 2A9876DB1750AAEC00D02912 /* GTLDriveApp.m */; };
		2A98770D1750AAED00D02912 /* GTLDriveAppList.m in Sources */ = {isa = PBXBuildFile; fileRef = 2A9876DD1750AAEC00D02912 /* GTLDriveAppList.m */; };
		2A98770E1750AAED00D02912 /* GTLDriveChange.m in Sources */ = {isa = PBXBuildFile; fileRef = 2A9876DF1750AAEC00D02912 /* GTLDriveChange.m */; };
		2A98770F1750AAED00D02912 /* GTLDriveChangeList.m in Sources */ = {isa = PBXBuildFile; fileRef = 2A9876E11750AAEC00D02912 /* GTLDriveChangeList.m */; };
		2A9877101750AAED00D02912 /* GTLDriveChildList.m in Sources */ = {isa = PBXBuildFile; fileRef = 2A9876E31750AAEC00D02912 /* GTLDriveChildList.m */; };
		2A9877111750AAED00D02912 /* GTLDriveChildReference.m in Sources */ = {isa = PBXBuildFile; fileRef = 2A9876E51750AAEC00D02912 /* GTLDriveChildReference.m */; };
		2A9877121750AAED00D02912 /* GTLDriveComment.m in Sources */ = {isa = PBXBuildFile; fileRef = 2A9876E71750AAEC00D02912 /* GTLDriveComment.m */; };
		2A9877131750AAED00D02912 /* GTLDriveCommentList.m in Sources */ = {isa = PBXBuildFile; fileRef = 2A9876E91750AAEC00D02912 /* GTLDriveCommentList.m */; };
		2A9877141750AAED00D02912 /* GTLDriveCommentReply.m in Sources */ = {isa = PBXBuildFile; fileRef = 2A9876EB1750AAEC00D02912 /* GTLDriveCommentReply.m */; };
		2A9877151750AAED00D02912 /* GTLDriveCommentReplyList.m in Sources */ = {isa = PBXBuildFile; fileRef = 2A9876ED1750AAEC00D02912 /* GTLDriveCommentReplyList.m */; };
		2A9877161750AAED00D02912 /* GTLDriveConstants.m in Sources */ = {isa = PBXBuildFile; fileRef = 2A9876EF1750AAED00D02912 /* GTLDriveConstants.m */; };
		2A9877171750AAED00D02912 /* GTLDriveFile.m in Sources */ = {isa = PBXBuildFile; fileRef = 2A9876F11750AAED00D02912 /* GTLDriveFile.m */; };
		2A9877181750AAED00D02912 /* GTLDriveFileList.m in Sources */ = {isa = PBXBuildFile; fileRef = 2A9876F31750AAED00D02912 /* GTLDriveFileList.m */; };
		2A9877191750AAED00D02912 /* GTLDriveParentList.m in Sources */ = {isa = PBXBuildFile; fileRef = 2A9876F51750AAED00D02912 /* GTLDriveParentList.m */; };
		2A98771A1750AAED00D02912 /* GTLDriveParentReference.m in Sources */ = {isa = PBXBuildFile; fileRef = 2A9876F71750AAED00D02912 /* GTLDriveParentReference.m */; };
		2A98771B1750AAED00D02912 /* GTLDrivePermission.m in Sources */ = {isa = PBXBuildFile; fileRef = 2A9876F91750AAED00D02912 /* GTLDrivePermission.m */; };
		2A98771C1750AAED00D02912 /* GTLDrivePermissionList.m in Sources */ = {isa = PBXBuildFile; fileRef = 2A9876FB1750AAED00D02912 /* GTLDrivePermissionList.m */; };
		2A98771D1750AAED00D02912 /* GTLDriveProperty.m in Sources */ = {isa = PBXBuildFile; fileRef = 2A9876FD1750AAED00D02912 /* GTLDriveProperty.m */; };
		2A98771E1750AAED00D02912 /* GTLDrivePropertyList.m in Sources */ = {isa = PBXBuildFile; fileRef = 2A9876FF1750AAED00D02912 /* GTLDrivePropertyList.m */; };
		2A98771F1750AAED00D02912 /* GTLDriveRevision.m in Sources */ = {isa = PBXBuildFile; fileRef = 2A9877011750AAED00D02912 /* GTLDriveRevision.m */; };
		2A9877201750AAED00D02912 /* GTLDriveRevisionList.m in Sources */ = {isa = PBXBuildFile; fileRef = 2A9877031750AAED00D02912 /* GTLDriveRevisionList.m */; };
		2A9877211750AAED00D02912 /* GTLDriveUser.m in Sources */ = {isa = PBXBuildFile; fileRef = 2A9877051750AAED00D02912 /* GTLDriveUser.m */; };
		2A9877221750AAED00D02912 /* GTLQueryDrive.m in Sources */ = {isa = PBXBuildFile; fileRef = 2A9877071750AAED00D02912 /* GTLQueryDrive.m */; };
		2A9877231750AAED00D02912 /* GTLServiceDrive.m in Sources */ = {isa = PBXBuildFile; fileRef = 2A9877091750AAED00D02912 /* GTLServiceDrive.m */; };
		2ADB515E175032C800A750A4 /* DocsSync.m in Sources */ = {isa = PBXBuildFile; fileRef = 2ADB512F175032C800A750A4 /* DocsSync.m */; };
		2ADB515F175032C800A750A4 /* Tools.m in Sources */ = {isa = PBXBuildFile; fileRef = 2ADB5131175032C800A750A4 /* Tools.m */; };
		2ADB5160175032C800A750A4 /* ReportsTable.m in Sources */ = {isa = PBXBuildFile; fileRef = 2ADB5132175032C800A750A4 /* ReportsTable.m */; };
		2ADB5161175032C800A750A4 /* Service_RegistryAppDelegate.m in Sources */ = {isa = PBXBuildFile; fileRef = 2ADB5134175032C800A750A4 /* Service_RegistryAppDelegate.m */; };
		2ADB5162175032C800A750A4 /* DocsTableView.m in Sources */ = {isa = PBXBuildFile; fileRef = 2ADB5135175032C800A750A4 /* DocsTableView.m */; };
		2ADB5163175032C800A750A4 /* DocsPicker.m in Sources */ = {isa = PBXBuildFile; fileRef = 2ADB5138175032C800A750A4 /* DocsPicker.m */; };
		2ADB5164175032C800A750A4 /* DocsSearch.m in Sources */ = {isa = PBXBuildFile; fileRef = 2ADB513A175032C800A750A4 /* DocsSearch.m */; };
		2ADB5165175032C800A750A4 /* DocsTable.m in Sources */ = {isa = PBXBuildFile; fileRef = 2ADB513B175032C800A750A4 /* DocsTable.m */; };
		2ADB5166175032C800A750A4 /* BtoothSync.m in Sources */ = {isa = PBXBuildFile; fileRef = 2ADB513E175032C800A750A4 /* BtoothSync.m */; };
		2ADB5167175032C800A750A4 /* PrintPicker.m in Sources */ = {isa = PBXBuildFile; fileRef = 2ADB513F175032C800A750A4 /* PrintPicker.m */; };
		2ADB5168175032C800A750A4 /* PrintSearch.m in Sources */ = {isa = PBXBuildFile; fileRef = 2ADB5140175032C800A750A4 /* PrintSearch.m */; };
		2ADB5169175032C800A750A4 /* PrintTable.m in Sources */ = {isa = PBXBuildFile; fileRef = 2ADB5141175032C800A750A4 /* PrintTable.m */; };
		2ADB516A175032C800A750A4 /* PrintSync.m in Sources */ = {isa = PBXBuildFile; fileRef = 2ADB5142175032C800A750A4 /* PrintSync.m */; };
		2ADB516B175032C800A750A4 /* UserSearch.m in Sources */ = {isa = PBXBuildFile; fileRef = 2ADB5143175032C800A750A4 /* UserSearch.m */; };
		2ADB516C175032C800A750A4 /* UserTable.m in Sources */ = {isa = PBXBuildFile; fileRef = 2ADB5144175032C800A750A4 /* UserTable.m */; };
		2ADB516D175032C800A750A4 /* ReportsSearch.m in Sources */ = {isa = PBXBuildFile; fileRef = 2ADB5145175032C800A750A4 /* ReportsSearch.m */; };
		2ADB516E175032C800A750A4 /* ReportsTableView.m in Sources */ = {isa = PBXBuildFile; fileRef = 2ADB5146175032C800A750A4 /* ReportsTableView.m */; };
		2ADB516F175032C800A750A4 /* PrintTableView.m in Sources */ = {isa = PBXBuildFile; fileRef = 2ADB5147175032C800A750A4 /* PrintTableView.m */; };
		2ADB5170175032C800A750A4 /* ReportsPage.m in Sources */ = {isa = PBXBuildFile; fileRef = 2ADB5148175032C800A750A4 /* ReportsPage.m */; };
		2ADB5171175032C800A750A4 /* TableView.m in Sources */ = {isa = PBXBuildFile; fileRef = 2ADB5149175032C800A750A4 /* TableView.m */; };
		2ADB5172175032C800A750A4 /* ReportsPicker.m in Sources */ = {isa = PBXBuildFile; fileRef = 2ADB514A175032C800A750A4 /* ReportsPicker.m */; };
		2ADB5173175032C800A750A4 /* Menu.m in Sources */ = {isa = PBXBuildFile; fileRef = 2ADB514B175032C800A750A4 /* Menu.m */; };
		2ADB5174175032C800A750A4 /* NewRepForm.m in Sources */ = {isa = PBXBuildFile; fileRef = 2ADB514C175032C800A750A4 /* NewRepForm.m */; };
		2ADB5175175032C800A750A4 /* Login.m in Sources */ = {isa = PBXBuildFile; fileRef = 2ADB514D175032C800A750A4 /* Login.m */; };
		2AE0F8D41749D1DF00F1E348 /* MobileCoreServices.framework in Frameworks */ = {isa = PBXBuildFile; fileRef = 2AE0F8D31749D1DE00F1E348 /* MobileCoreServices.framework */; };
		2AE0F8F81749DD8600F1E348 /* GTMOAuth2ViewTouch.xib in Resources */ = {isa = PBXBuildFile; fileRef = 2AE0F8F71749DD8600F1E348 /* GTMOAuth2ViewTouch.xib */; };
/* End PBXBuildFile section */

/* Begin PBXContainerItemProxy section */
		2A9850541748E22A00D8971B /* PBXContainerItemProxy */ = {
			isa = PBXContainerItemProxy;
			containerPortal = 2A9850211748E22900D8971B /* Project object */;
			proxyType = 1;
			remoteGlobalIDString = 2A9850281748E22900D8971B;
			remoteInfo = "Service Registry";
		};
/* End PBXContainerItemProxy section */

/* Begin PBXFileReference section */
		2A9850291748E22900D8971B /* Service Registry.app */ = {isa = PBXFileReference; explicitFileType = wrapper.application; includeInIndex = 0; path = "Service Registry.app"; sourceTree = BUILT_PRODUCTS_DIR; };
		2A98502C1748E22900D8971B /* UIKit.framework */ = {isa = PBXFileReference; lastKnownFileType = wrapper.framework; name = UIKit.framework; path = System/Library/Frameworks/UIKit.framework; sourceTree = SDKROOT; };
		2A98502E1748E22900D8971B /* Foundation.framework */ = {isa = PBXFileReference; lastKnownFileType = wrapper.framework; name = Foundation.framework; path = System/Library/Frameworks/Foundation.framework; sourceTree = SDKROOT; };
		2A9850301748E22900D8971B /* CoreGraphics.framework */ = {isa = PBXFileReference; lastKnownFileType = wrapper.framework; name = CoreGraphics.framework; path = System/Library/Frameworks/CoreGraphics.framework; sourceTree = SDKROOT; };
		2A9850321748E22900D8971B /* CoreData.framework */ = {isa = PBXFileReference; lastKnownFileType = wrapper.framework; name = CoreData.framework; path = System/Library/Frameworks/CoreData.framework; sourceTree = SDKROOT; };
		2A9850361748E22900D8971B /* Service Registry-Info.plist */ = {isa = PBXFileReference; lastKnownFileType = text.plist.xml; path = "Service Registry-Info.plist"; sourceTree = "<group>"; };
		2A9850381748E22900D8971B /* en */ = {isa = PBXFileReference; lastKnownFileType = text.plist.strings; name = en; path = en.lproj/InfoPlist.strings; sourceTree = "<group>"; };
		2A98503A1748E22900D8971B /* main.m */ = {isa = PBXFileReference; lastKnownFileType = sourcecode.c.objc; path = main.m; sourceTree = "<group>"; };
		2A98503C1748E22900D8971B /* Service Registry-Prefix.pch */ = {isa = PBXFileReference; lastKnownFileType = sourcecode.c.h; path = "Service Registry-Prefix.pch"; sourceTree = "<group>"; };
		2A9850401748E22900D8971B /* Default.png */ = {isa = PBXFileReference; lastKnownFileType = image.png; path = Default.png; sourceTree = "<group>"; };
		2A9850421748E22900D8971B /* Default@2x.png */ = {isa = PBXFileReference; lastKnownFileType = image.png; path = "Default@2x.png"; sourceTree = "<group>"; };
		2A9850441748E22900D8971B /* Default-568h@2x.png */ = {isa = PBXFileReference; lastKnownFileType = image.png; path = "Default-568h@2x.png"; sourceTree = "<group>"; };
		2A9850471748E22A00D8971B /* Service_Registry.xcdatamodel */ = {isa = PBXFileReference; lastKnownFileType = wrapper.xcdatamodel; path = Service_Registry.xcdatamodel; sourceTree = "<group>"; };
		2A98504E1748E22A00D8971B /* Service RegistryTests.octest */ = {isa = PBXFileReference; explicitFileType = wrapper.cfbundle; includeInIndex = 0; path = "Service RegistryTests.octest"; sourceTree = BUILT_PRODUCTS_DIR; };
		2A98504F1748E22A00D8971B /* SenTestingKit.framework */ = {isa = PBXFileReference; lastKnownFileType = wrapper.framework; name = SenTestingKit.framework; path = Library/Frameworks/SenTestingKit.framework; sourceTree = DEVELOPER_DIR; };
		2A9850581748E22A00D8971B /* Service RegistryTests-Info.plist */ = {isa = PBXFileReference; lastKnownFileType = text.plist.xml; path = "Service RegistryTests-Info.plist"; sourceTree = "<group>"; };
		2A98505A1748E22A00D8971B /* en */ = {isa = PBXFileReference; lastKnownFileType = text.plist.strings; name = en; path = en.lproj/InfoPlist.strings; sourceTree = "<group>"; };
		2A98505C1748E22A00D8971B /* Service_RegistryTests.h */ = {isa = PBXFileReference; lastKnownFileType = sourcecode.c.h; path = Service_RegistryTests.h; sourceTree = "<group>"; };
		2A98505D1748E22A00D8971B /* Service_RegistryTests.m */ = {isa = PBXFileReference; lastKnownFileType = sourcecode.c.objc; path = Service_RegistryTests.m; sourceTree = "<group>"; };
		2A98509E1749427000D8971B /* SystemConfiguration.framework */ = {isa = PBXFileReference; lastKnownFileType = wrapper.framework; name = SystemConfiguration.framework; path = System/Library/Frameworks/SystemConfiguration.framework; sourceTree = SDKROOT; };
		2A9850A01749429700D8971B /* Security.framework */ = {isa = PBXFileReference; lastKnownFileType = wrapper.framework; name = Security.framework; path = System/Library/Frameworks/Security.framework; sourceTree = SDKROOT; };
		2A98548E17495B1500D8971B /* GameKit.framework */ = {isa = PBXFileReference; lastKnownFileType = wrapper.framework; name = GameKit.framework; path = System/Library/Frameworks/GameKit.framework; sourceTree = SDKROOT; };
		2A9854A31749626F00D8971B /* MainWindow.xib */ = {isa = PBXFileReference; fileEncoding = 4; lastKnownFileType = file.xib; path = MainWindow.xib; sourceTree = "<group>"; };
		2A9854A41749626F00D8971B /* thecomputerguylogo.png */ = {isa = PBXFileReference; lastKnownFileType = image.png; path = thecomputerguylogo.png; sourceTree = "<group>"; };
		2A9876601750AA5B00D02912 /* GTLDefines.h */ = {isa = PBXFileReference; fileEncoding = 4; lastKnownFileType = file; path = GTLDefines.h; sourceTree = "<group>"; };
		2A9876611750AA5B00D02912 /* GTLObject.h */ = {isa = PBXFileReference; fileEncoding = 4; lastKnownFileType = file; name = GTLObject.h; path = Objects/GTLObject.h; sourceTree = "<group>"; };
		2A9876621750AA5B00D02912 /* GTLObject.m */ = {isa = PBXFileReference; fileEncoding = 4; lastKnownFileType = file; name = GTLObject.m; path = Objects/GTLObject.m; sourceTree = "<group>"; };
		2A9876631750AA5B00D02912 /* GTLQuery.h */ = {isa = PBXFileReference; fileEncoding = 4; lastKnownFileType = file; name = GTLQuery.h; path = Objects/GTLQuery.h; sourceTree = "<group>"; };
		2A9876641750AA5B00D02912 /* GTLQuery.m */ = {isa = PBXFileReference; fileEncoding = 4; lastKnownFileType = file; name = GTLQuery.m; path = Objects/GTLQuery.m; sourceTree = "<group>"; };
		2A9876651750AA5B00D02912 /* GTLBatchQuery.h */ = {isa = PBXFileReference; fileEncoding = 4; lastKnownFileType = file; name = GTLBatchQuery.h; path = Objects/GTLBatchQuery.h; sourceTree = "<group>"; };
		2A9876661750AA5B00D02912 /* GTLBatchQuery.m */ = {isa = PBXFileReference; fileEncoding = 4; lastKnownFileType = file; name = GTLBatchQuery.m; path = Objects/GTLBatchQuery.m; sourceTree = "<group>"; };
		2A9876671750AA5B00D02912 /* GTLService.h */ = {isa = PBXFileReference; fileEncoding = 4; lastKnownFileType = file; name = GTLService.h; path = Objects/GTLService.h; sourceTree = "<group>"; };
		2A9876681750AA5B00D02912 /* GTLService.m */ = {isa = PBXFileReference; fileEncoding = 4; lastKnownFileType = file; name = GTLService.m; path = Objects/GTLService.m; sourceTree = "<group>"; };
		2A9876691750AA5B00D02912 /* GTLBatchResult.h */ = {isa = PBXFileReference; fileEncoding = 4; lastKnownFileType = file; name = GTLBatchResult.h; path = Objects/GTLBatchResult.h; sourceTree = "<group>"; };
		2A98766A1750AA5B00D02912 /* GTLBatchResult.m */ = {isa = PBXFileReference; fileEncoding = 4; lastKnownFileType = file; name = GTLBatchResult.m; path = Objects/GTLBatchResult.m; sourceTree = "<group>"; };
		2A98766B1750AA5B00D02912 /* GTLUploadParameters.h */ = {isa = PBXFileReference; fileEncoding = 4; lastKnownFileType = file; name = GTLUploadParameters.h; path = Objects/GTLUploadParameters.h; sourceTree = "<group>"; };
		2A98766C1750AA5B00D02912 /* GTLUploadParameters.m */ = {isa = PBXFileReference; fileEncoding = 4; lastKnownFileType = file; name = GTLUploadParameters.m; path = Objects/GTLUploadParameters.m; sourceTree = "<group>"; };
		2A98766D1750AA5B00D02912 /* GTLDateTime.h */ = {isa = PBXFileReference; fileEncoding = 4; lastKnownFileType = file; name = GTLDateTime.h; path = Objects/GTLDateTime.h; sourceTree = "<group>"; };
		2A98766E1750AA5B00D02912 /* GTLDateTime.m */ = {isa = PBXFileReference; fileEncoding = 4; lastKnownFileType = file; name = GTLDateTime.m; path = Objects/GTLDateTime.m; sourceTree = "<group>"; };
		2A98766F1750AA5B00D02912 /* GTLErrorObject.h */ = {isa = PBXFileReference; fileEncoding = 4; lastKnownFileType = file; name = GTLErrorObject.h; path = Objects/GTLErrorObject.h; sourceTree = "<group>"; };
		2A9876701750AA5B00D02912 /* GTLErrorObject.m */ = {isa = PBXFileReference; fileEncoding = 4; lastKnownFileType = file; name = GTLErrorObject.m; path = Objects/GTLErrorObject.m; sourceTree = "<group>"; };
		2A9876711750AA5B00D02912 /* GTLRuntimeCommon.h */ = {isa = PBXFileReference; fileEncoding = 4; lastKnownFileType = file; name = GTLRuntimeCommon.h; path = Objects/GTLRuntimeCommon.h; sourceTree = "<group>"; };
		2A9876721750AA5B00D02912 /* GTLRuntimeCommon.m */ = {isa = PBXFileReference; fileEncoding = 4; lastKnownFileType = file; name = GTLRuntimeCommon.m; path = Objects/GTLRuntimeCommon.m; sourceTree = "<group>"; };
		2A9876741750AA5B00D02912 /* GTLFramework.h */ = {isa = PBXFileReference; fileEncoding = 4; lastKnownFileType = file; name = GTLFramework.h; path = Utilities/GTLFramework.h; sourceTree = "<group>"; };
		2A9876751750AA5B00D02912 /* GTLFramework.m */ = {isa = PBXFileReference; fileEncoding = 4; lastKnownFileType = file; name = GTLFramework.m; path = Utilities/GTLFramework.m; sourceTree = "<group>"; };
		2A9876761750AA5B00D02912 /* GTLJSONParser.h */ = {isa = PBXFileReference; fileEncoding = 4; lastKnownFileType = file; name = GTLJSONParser.h; path = Utilities/GTLJSONParser.h; sourceTree = "<group>"; };
		2A9876771750AA5B00D02912 /* GTLJSONParser.m */ = {isa = PBXFileReference; fileEncoding = 4; lastKnownFileType = file; name = GTLJSONParser.m; path = Utilities/GTLJSONParser.m; sourceTree = "<group>"; };
		2A9876781750AA5B00D02912 /* GTLTargetNamespace.h */ = {isa = PBXFileReference; fileEncoding = 4; lastKnownFileType = file; name = GTLTargetNamespace.h; path = Utilities/GTLTargetNamespace.h; sourceTree = "<group>"; };
		2A9876791750AA5B00D02912 /* GTLUtilities.h */ = {isa = PBXFileReference; fileEncoding = 4; lastKnownFileType = file; name = GTLUtilities.h; path = Utilities/GTLUtilities.h; sourceTree = "<group>"; };
		2A98767A1750AA5B00D02912 /* GTLUtilities.m */ = {isa = PBXFileReference; fileEncoding = 4; lastKnownFileType = file; name = GTLUtilities.m; path = Utilities/GTLUtilities.m; sourceTree = "<group>"; };
		2A98767B1750AA5B00D02912 /* GTLBase64.h */ = {isa = PBXFileReference; fileEncoding = 4; lastKnownFileType = file; name = GTLBase64.h; path = Utilities/GTLBase64.h; sourceTree = "<group>"; };
		2A98767C1750AA5B00D02912 /* GTLBase64.m */ = {isa = PBXFileReference; fileEncoding = 4; lastKnownFileType = file; name = GTLBase64.m; path = Utilities/GTLBase64.m; sourceTree = "<group>"; };
		2A98767E1750AA5B00D02912 /* GTMHTTPFetcherService.h */ = {isa = PBXFileReference; fileEncoding = 4; lastKnownFileType = file; name = GTMHTTPFetcherService.h; path = HTTPFetcher/GTMHTTPFetcherService.h; sourceTree = "<group>"; };
		2A98767F1750AA5B00D02912 /* GTMHTTPFetcherService.m */ = {isa = PBXFileReference; fileEncoding = 4; lastKnownFileType = file; name = GTMHTTPFetcherService.m; path = HTTPFetcher/GTMHTTPFetcherService.m; sourceTree = "<group>"; };
		2A9876801750AA5B00D02912 /* GTMHTTPFetcher.h */ = {isa = PBXFileReference; fileEncoding = 4; lastKnownFileType = file; name = GTMHTTPFetcher.h; path = HTTPFetcher/GTMHTTPFetcher.h; sourceTree = "<group>"; };
		2A9876811750AA5B00D02912 /* GTMHTTPFetcher.m */ = {isa = PBXFileReference; fileEncoding = 4; lastKnownFileType = file; name = GTMHTTPFetcher.m; path = HTTPFetcher/GTMHTTPFetcher.m; sourceTree = "<group>"; };
		2A9876821750AA5B00D02912 /* GTMHTTPFetcherLogging.h */ = {isa = PBXFileReference; fileEncoding = 4; lastKnownFileType = file; name = GTMHTTPFetcherLogging.h; path = HTTPFetcher/GTMHTTPFetcherLogging.h; sourceTree = "<group>"; };
		2A9876831750AA5B00D02912 /* GTMHTTPFetcherLogging.m */ = {isa = PBXFileReference; fileEncoding = 4; lastKnownFileType = file; name = GTMHTTPFetcherLogging.m; path = HTTPFetcher/GTMHTTPFetcherLogging.m; sourceTree = "<group>"; };
		2A9876841750AA5B00D02912 /* GTMHTTPFetchHistory.h */ = {isa = PBXFileReference; fileEncoding = 4; lastKnownFileType = file; name = GTMHTTPFetchHistory.h; path = HTTPFetcher/GTMHTTPFetchHistory.h; sourceTree = "<group>"; };
		2A9876851750AA5B00D02912 /* GTMHTTPFetchHistory.m */ = {isa = PBXFileReference; fileEncoding = 4; lastKnownFileType = file; name = GTMHTTPFetchHistory.m; path = HTTPFetcher/GTMHTTPFetchHistory.m; sourceTree = "<group>"; };
		2A9876861750AA5B00D02912 /* GTMHTTPUploadFetcher.h */ = {isa = PBXFileReference; fileEncoding = 4; lastKnownFileType = file; name = GTMHTTPUploadFetcher.h; path = HTTPFetcher/GTMHTTPUploadFetcher.h; sourceTree = "<group>"; };
		2A9876871750AA5B00D02912 /* GTMHTTPUploadFetcher.m */ = {isa = PBXFileReference; fileEncoding = 4; lastKnownFileType = file; name = GTMHTTPUploadFetcher.m; path = HTTPFetcher/GTMHTTPUploadFetcher.m; sourceTree = "<group>"; };
		2A9876881750AA5B00D02912 /* GTMGatherInputStream.h */ = {isa = PBXFileReference; fileEncoding = 4; lastKnownFileType = file; name = GTMGatherInputStream.h; path = HTTPFetcher/GTMGatherInputStream.h; sourceTree = "<group>"; };
		2A9876891750AA5B00D02912 /* GTMGatherInputStream.m */ = {isa = PBXFileReference; fileEncoding = 4; lastKnownFileType = file; name = GTMGatherInputStream.m; path = HTTPFetcher/GTMGatherInputStream.m; sourceTree = "<group>"; };
		2A98768A1750AA5B00D02912 /* GTMMIMEDocument.h */ = {isa = PBXFileReference; fileEncoding = 4; lastKnownFileType = file; name = GTMMIMEDocument.h; path = HTTPFetcher/GTMMIMEDocument.h; sourceTree = "<group>"; };
		2A98768B1750AA5B00D02912 /* GTMMIMEDocument.m */ = {isa = PBXFileReference; fileEncoding = 4; lastKnownFileType = file; name = GTMMIMEDocument.m; path = HTTPFetcher/GTMMIMEDocument.m; sourceTree = "<group>"; };
		2A98768C1750AA5B00D02912 /* GTMReadMonitorInputStream.h */ = {isa = PBXFileReference; fileEncoding = 4; lastKnownFileType = file; name = GTMReadMonitorInputStream.h; path = HTTPFetcher/GTMReadMonitorInputStream.h; sourceTree = "<group>"; };
		2A98768D1750AA5B00D02912 /* GTMReadMonitorInputStream.m */ = {isa = PBXFileReference; fileEncoding = 4; lastKnownFileType = file; name = GTMReadMonitorInputStream.m; path = HTTPFetcher/GTMReadMonitorInputStream.m; sourceTree = "<group>"; };
		2A98768F1750AA5B00D02912 /* GTMOAuth2Authentication.h */ = {isa = PBXFileReference; fileEncoding = 4; lastKnownFileType = file; name = GTMOAuth2Authentication.h; path = OAuth2/GTMOAuth2Authentication.h; sourceTree = "<group>"; };
		2A9876901750AA5B00D02912 /* GTMOAuth2Authentication.m */ = {isa = PBXFileReference; fileEncoding = 4; lastKnownFileType = file; name = GTMOAuth2Authentication.m; path = OAuth2/GTMOAuth2Authentication.m; sourceTree = "<group>"; };
		2A9876911750AA5B00D02912 /* GTMOAuth2SignIn.h */ = {isa = PBXFileReference; fileEncoding = 4; lastKnownFileType = file; name = GTMOAuth2SignIn.h; path = OAuth2/GTMOAuth2SignIn.h; sourceTree = "<group>"; };
		2A9876921750AA5B00D02912 /* GTMOAuth2SignIn.m */ = {isa = PBXFileReference; fileEncoding = 4; lastKnownFileType = file; name = GTMOAuth2SignIn.m; path = OAuth2/GTMOAuth2SignIn.m; sourceTree = "<group>"; };
		2A9876931750AA5B00D02912 /* GTMOAuth2Window.xib */ = {isa = PBXFileReference; lastKnownFileType = file; name = GTMOAuth2Window.xib; path = OAuth2/Mac/GTMOAuth2Window.xib; sourceTree = "<group>"; };
		2A9876941750AA5B00D02912 /* GTMOAuth2WindowController.h */ = {isa = PBXFileReference; fileEncoding = 4; lastKnownFileType = file; name = GTMOAuth2WindowController.h; path = OAuth2/Mac/GTMOAuth2WindowController.h; sourceTree = "<group>"; };
		2A9876951750AA5B00D02912 /* GTMOAuth2WindowController.m */ = {isa = PBXFileReference; fileEncoding = 4; lastKnownFileType = file; name = GTMOAuth2WindowController.m; path = OAuth2/Mac/GTMOAuth2WindowController.m; sourceTree = "<group>"; };
		2A9876971750AA5B00D02912 /* GTMOAuth2ViewControllerTouch.h */ = {isa = PBXFileReference; fileEncoding = 4; lastKnownFileType = file; name = GTMOAuth2ViewControllerTouch.h; path = OAuth2/Touch/GTMOAuth2ViewControllerTouch.h; sourceTree = "<group>"; };
		2A9876981750AA5B00D02912 /* GTMOAuth2ViewControllerTouch.m */ = {isa = PBXFileReference; fileEncoding = 4; lastKnownFileType = file; name = GTMOAuth2ViewControllerTouch.m; path = OAuth2/Touch/GTMOAuth2ViewControllerTouch.m; sourceTree = "<group>"; };
		2A9876991750AA5B00D02912 /* GTMOAuth2ViewTouch.xib */ = {isa = PBXFileReference; lastKnownFileType = file; name = GTMOAuth2ViewTouch.xib; path = OAuth2/Touch/GTMOAuth2ViewTouch.xib; sourceTree = "<group>"; };
		2A9876D61750AAEC00D02912 /* GTLDrive.h */ = {isa = PBXFileReference; fileEncoding = 4; lastKnownFileType = sourcecode.c.h; path = GTLDrive.h; sourceTree = "<group>"; };
		2A9876D71750AAEC00D02912 /* GTLDrive_Sources.m */ = {isa = PBXFileReference; fileEncoding = 4; lastKnownFileType = sourcecode.c.objc; path = GTLDrive_Sources.m; sourceTree = "<group>"; };
		2A9876D81750AAEC00D02912 /* GTLDriveAbout.h */ = {isa = PBXFileReference; fileEncoding = 4; lastKnownFileType = sourcecode.c.h; path = GTLDriveAbout.h; sourceTree = "<group>"; };
		2A9876D91750AAEC00D02912 /* GTLDriveAbout.m */ = {isa = PBXFileReference; fileEncoding = 4; lastKnownFileType = sourcecode.c.objc; path = GTLDriveAbout.m; sourceTree = "<group>"; };
		2A9876DA1750AAEC00D02912 /* GTLDriveApp.h */ = {isa = PBXFileReference; fileEncoding = 4; lastKnownFileType = sourcecode.c.h; path = GTLDriveApp.h; sourceTree = "<group>"; };
		2A9876DB1750AAEC00D02912 /* GTLDriveApp.m */ = {isa = PBXFileReference; fileEncoding = 4; lastKnownFileType = sourcecode.c.objc; path = GTLDriveApp.m; sourceTree = "<group>"; };
		2A9876DC1750AAEC00D02912 /* GTLDriveAppList.h */ = {isa = PBXFileReference; fileEncoding = 4; lastKnownFileType = sourcecode.c.h; path = GTLDriveAppList.h; sourceTree = "<group>"; };
		2A9876DD1750AAEC00D02912 /* GTLDriveAppList.m */ = {isa = PBXFileReference; fileEncoding = 4; lastKnownFileType = sourcecode.c.objc; path = GTLDriveAppList.m; sourceTree = "<group>"; };
		2A9876DE1750AAEC00D02912 /* GTLDriveChange.h */ = {isa = PBXFileReference; fileEncoding = 4; lastKnownFileType = sourcecode.c.h; path = GTLDriveChange.h; sourceTree = "<group>"; };
		2A9876DF1750AAEC00D02912 /* GTLDriveChange.m */ = {isa = PBXFileReference; fileEncoding = 4; lastKnownFileType = sourcecode.c.objc; path = GTLDriveChange.m; sourceTree = "<group>"; };
		2A9876E01750AAEC00D02912 /* GTLDriveChangeList.h */ = {isa = PBXFileReference; fileEncoding = 4; lastKnownFileType = sourcecode.c.h; path = GTLDriveChangeList.h; sourceTree = "<group>"; };
		2A9876E11750AAEC00D02912 /* GTLDriveChangeList.m */ = {isa = PBXFileReference; fileEncoding = 4; lastKnownFileType = sourcecode.c.objc; path = GTLDriveChangeList.m; sourceTree = "<group>"; };
		2A9876E21750AAEC00D02912 /* GTLDriveChildList.h */ = {isa = PBXFileReference; fileEncoding = 4; lastKnownFileType = sourcecode.c.h; path = GTLDriveChildList.h; sourceTree = "<group>"; };
		2A9876E31750AAEC00D02912 /* GTLDriveChildList.m */ = {isa = PBXFileReference; fileEncoding = 4; lastKnownFileType = sourcecode.c.objc; path = GTLDriveChildList.m; sourceTree = "<group>"; };
		2A9876E41750AAEC00D02912 /* GTLDriveChildReference.h */ = {isa = PBXFileReference; fileEncoding = 4; lastKnownFileType = sourcecode.c.h; path = GTLDriveChildReference.h; sourceTree = "<group>"; };
		2A9876E51750AAEC00D02912 /* GTLDriveChildReference.m */ = {isa = PBXFileReference; fileEncoding = 4; lastKnownFileType = sourcecode.c.objc; path = GTLDriveChildReference.m; sourceTree = "<group>"; };
		2A9876E61750AAEC00D02912 /* GTLDriveComment.h */ = {isa = PBXFileReference; fileEncoding = 4; lastKnownFileType = sourcecode.c.h; path = GTLDriveComment.h; sourceTree = "<group>"; };
		2A9876E71750AAEC00D02912 /* GTLDriveComment.m */ = {isa = PBXFileReference; fileEncoding = 4; lastKnownFileType = sourcecode.c.objc; path = GTLDriveComment.m; sourceTree = "<group>"; };
		2A9876E81750AAEC00D02912 /* GTLDriveCommentList.h */ = {isa = PBXFileReference; fileEncoding = 4; lastKnownFileType = sourcecode.c.h; path = GTLDriveCommentList.h; sourceTree = "<group>"; };
		2A9876E91750AAEC00D02912 /* GTLDriveCommentList.m */ = {isa = PBXFileReference; fileEncoding = 4; lastKnownFileType = sourcecode.c.objc; path = GTLDriveCommentList.m; sourceTree = "<group>"; };
		2A9876EA1750AAEC00D02912 /* GTLDriveCommentReply.h */ = {isa = PBXFileReference; fileEncoding = 4; lastKnownFileType = sourcecode.c.h; path = GTLDriveCommentReply.h; sourceTree = "<group>"; };
		2A9876EB1750AAEC00D02912 /* GTLDriveCommentReply.m */ = {isa = PBXFileReference; fileEncoding = 4; lastKnownFileType = sourcecode.c.objc; path = GTLDriveCommentReply.m; sourceTree = "<group>"; };
		2A9876EC1750AAEC00D02912 /* GTLDriveCommentReplyList.h */ = {isa = PBXFileReference; fileEncoding = 4; lastKnownFileType = sourcecode.c.h; path = GTLDriveCommentReplyList.h; sourceTree = "<group>"; };
		2A9876ED1750AAEC00D02912 /* GTLDriveCommentReplyList.m */ = {isa = PBXFileReference; fileEncoding = 4; lastKnownFileType = sourcecode.c.objc; path = GTLDriveCommentReplyList.m; sourceTree = "<group>"; };
		2A9876EE1750AAEC00D02912 /* GTLDriveConstants.h */ = {isa = PBXFileReference; fileEncoding = 4; lastKnownFileType = sourcecode.c.h; path = GTLDriveConstants.h; sourceTree = "<group>"; };
		2A9876EF1750AAED00D02912 /* GTLDriveConstants.m */ = {isa = PBXFileReference; fileEncoding = 4; lastKnownFileType = sourcecode.c.objc; path = GTLDriveConstants.m; sourceTree = "<group>"; };
		2A9876F01750AAED00D02912 /* GTLDriveFile.h */ = {isa = PBXFileReference; fileEncoding = 4; lastKnownFileType = sourcecode.c.h; path = GTLDriveFile.h; sourceTree = "<group>"; };
		2A9876F11750AAED00D02912 /* GTLDriveFile.m */ = {isa = PBXFileReference; fileEncoding = 4; lastKnownFileType = sourcecode.c.objc; path = GTLDriveFile.m; sourceTree = "<group>"; };
		2A9876F21750AAED00D02912 /* GTLDriveFileList.h */ = {isa = PBXFileReference; fileEncoding = 4; lastKnownFileType = sourcecode.c.h; path = GTLDriveFileList.h; sourceTree = "<group>"; };
		2A9876F31750AAED00D02912 /* GTLDriveFileList.m */ = {isa = PBXFileReference; fileEncoding = 4; lastKnownFileType = sourcecode.c.objc; path = GTLDriveFileList.m; sourceTree = "<group>"; };
		2A9876F41750AAED00D02912 /* GTLDriveParentList.h */ = {isa = PBXFileReference; fileEncoding = 4; lastKnownFileType = sourcecode.c.h; path = GTLDriveParentList.h; sourceTree = "<group>"; };
		2A9876F51750AAED00D02912 /* GTLDriveParentList.m */ = {isa = PBXFileReference; fileEncoding = 4; lastKnownFileType = sourcecode.c.objc; path = GTLDriveParentList.m; sourceTree = "<group>"; };
		2A9876F61750AAED00D02912 /* GTLDriveParentReference.h */ = {isa = PBXFileReference; fileEncoding = 4; lastKnownFileType = sourcecode.c.h; path = GTLDriveParentReference.h; sourceTree = "<group>"; };
		2A9876F71750AAED00D02912 /* GTLDriveParentReference.m */ = {isa = PBXFileReference; fileEncoding = 4; lastKnownFileType = sourcecode.c.objc; path = GTLDriveParentReference.m; sourceTree = "<group>"; };
		2A9876F81750AAED00D02912 /* GTLDrivePermission.h */ = {isa = PBXFileReference; fileEncoding = 4; lastKnownFileType = sourcecode.c.h; path = GTLDrivePermission.h; sourceTree = "<group>"; };
		2A9876F91750AAED00D02912 /* GTLDrivePermission.m */ = {isa = PBXFileReference; fileEncoding = 4; lastKnownFileType = sourcecode.c.objc; path = GTLDrivePermission.m; sourceTree = "<group>"; };
		2A9876FA1750AAED00D02912 /* GTLDrivePermissionList.h */ = {isa = PBXFileReference; fileEncoding = 4; lastKnownFileType = sourcecode.c.h; path = GTLDrivePermissionList.h; sourceTree = "<group>"; };
		2A9876FB1750AAED00D02912 /* GTLDrivePermissionList.m */ = {isa = PBXFileReference; fileEncoding = 4; lastKnownFileType = sourcecode.c.objc; path = GTLDrivePermissionList.m; sourceTree = "<group>"; };
		2A9876FC1750AAED00D02912 /* GTLDriveProperty.h */ = {isa = PBXFileReference; fileEncoding = 4; lastKnownFileType = sourcecode.c.h; path = GTLDriveProperty.h; sourceTree = "<group>"; };
		2A9876FD1750AAED00D02912 /* GTLDriveProperty.m */ = {isa = PBXFileReference; fileEncoding = 4; lastKnownFileType = sourcecode.c.objc; path = GTLDriveProperty.m; sourceTree = "<group>"; };
		2A9876FE1750AAED00D02912 /* GTLDrivePropertyList.h */ = {isa = PBXFileReference; fileEncoding = 4; lastKnownFileType = sourcecode.c.h; path = GTLDrivePropertyList.h; sourceTree = "<group>"; };
		2A9876FF1750AAED00D02912 /* GTLDrivePropertyList.m */ = {isa = PBXFileReference; fileEncoding = 4; lastKnownFileType = sourcecode.c.objc; path = GTLDrivePropertyList.m; sourceTree = "<group>"; };
		2A9877001750AAED00D02912 /* GTLDriveRevision.h */ = {isa = PBXFileReference; fileEncoding = 4; lastKnownFileType = sourcecode.c.h; path = GTLDriveRevision.h; sourceTree = "<group>"; };
		2A9877011750AAED00D02912 /* GTLDriveRevision.m */ = {isa = PBXFileReference; fileEncoding = 4; lastKnownFileType = sourcecode.c.objc; path = GTLDriveRevision.m; sourceTree = "<group>"; };
		2A9877021750AAED00D02912 /* GTLDriveRevisionList.h */ = {isa = PBXFileReference; fileEncoding = 4; lastKnownFileType = sourcecode.c.h; path = GTLDriveRevisionList.h; sourceTree = "<group>"; };
		2A9877031750AAED00D02912 /* GTLDriveRevisionList.m */ = {isa = PBXFileReference; fileEncoding = 4; lastKnownFileType = sourcecode.c.objc; path = GTLDriveRevisionList.m; sourceTree = "<group>"; };
		2A9877041750AAED00D02912 /* GTLDriveUser.h */ = {isa = PBXFileReference; fileEncoding = 4; lastKnownFileType = sourcecode.c.h; path = GTLDriveUser.h; sourceTree = "<group>"; };
		2A9877051750AAED00D02912 /* GTLDriveUser.m */ = {isa = PBXFileReference; fileEncoding = 4; lastKnownFileType = sourcecode.c.objc; path = GTLDriveUser.m; sourceTree = "<group>"; };
		2A9877061750AAED00D02912 /* GTLQueryDrive.h */ = {isa = PBXFileReference; fileEncoding = 4; lastKnownFileType = sourcecode.c.h; path = GTLQueryDrive.h; sourceTree = "<group>"; };
		2A9877071750AAED00D02912 /* GTLQueryDrive.m */ = {isa = PBXFileReference; fileEncoding = 4; lastKnownFileType = sourcecode.c.objc; path = GTLQueryDrive.m; sourceTree = "<group>"; };
		2A9877081750AAED00D02912 /* GTLServiceDrive.h */ = {isa = PBXFileReference; fileEncoding = 4; lastKnownFileType = sourcecode.c.h; path = GTLServiceDrive.h; sourceTree = "<group>"; };
		2A9877091750AAED00D02912 /* GTLServiceDrive.m */ = {isa = PBXFileReference; fileEncoding = 4; lastKnownFileType = sourcecode.c.objc; path = GTLServiceDrive.m; sourceTree = "<group>"; };
		2ADB512F175032C800A750A4 /* DocsSync.m */ = {isa = PBXFileReference; fileEncoding = 4; lastKnownFileType = sourcecode.c.objc; name = DocsSync.m; path = Classes/DocsSync.m; sourceTree = "<group>"; };
		2ADB5130175032C800A750A4 /* DocsSync.h */ = {isa = PBXFileReference; fileEncoding = 4; lastKnownFileType = sourcecode.c.h; name = DocsSync.h; path = Classes/DocsSync.h; sourceTree = "<group>"; };
		2ADB5131175032C800A750A4 /* Tools.m */ = {isa = PBXFileReference; fileEncoding = 4; lastKnownFileType = sourcecode.c.objc; name = Tools.m; path = Classes/Tools.m; sourceTree = "<group>"; };
		2ADB5132175032C800A750A4 /* ReportsTable.m */ = {isa = PBXFileReference; fileEncoding = 4; lastKnownFileType = sourcecode.c.objc; name = ReportsTable.m; path = Classes/ReportsTable.m; sourceTree = "<group>"; };
		2ADB5133175032C800A750A4 /* Tools.h */ = {isa = PBXFileReference; fileEncoding = 4; lastKnownFileType = sourcecode.c.h; name = Tools.h; path = Classes/Tools.h; sourceTree = "<group>"; };
		2ADB5134175032C800A750A4 /* Service_RegistryAppDelegate.m */ = {isa = PBXFileReference; fileEncoding = 4; lastKnownFileType = sourcecode.c.objc; name = Service_RegistryAppDelegate.m; path = Classes/Service_RegistryAppDelegate.m; sourceTree = "<group>"; };
		2ADB5135175032C800A750A4 /* DocsTableView.m */ = {isa = PBXFileReference; fileEncoding = 4; lastKnownFileType = sourcecode.c.objc; name = DocsTableView.m; path = Classes/DocsTableView.m; sourceTree = "<group>"; };
		2ADB5136175032C800A750A4 /* DocsTable.h */ = {isa = PBXFileReference; fileEncoding = 4; lastKnownFileType = sourcecode.c.h; name = DocsTable.h; path = Classes/DocsTable.h; sourceTree = "<group>"; };
		2ADB5137175032C800A750A4 /* DocsPicker.h */ = {isa = PBXFileReference; fileEncoding = 4; lastKnownFileType = sourcecode.c.h; name = DocsPicker.h; path = Classes/DocsPicker.h; sourceTree = "<group>"; };
		2ADB5138175032C800A750A4 /* DocsPicker.m */ = {isa = PBXFileReference; fileEncoding = 4; lastKnownFileType = sourcecode.c.objc; name = DocsPicker.m; path = Classes/DocsPicker.m; sourceTree = "<group>"; };
		2ADB5139175032C800A750A4 /* DocsSearch.h */ = {isa = PBXFileReference; fileEncoding = 4; lastKnownFileType = sourcecode.c.h; name = DocsSearch.h; path = Classes/DocsSearch.h; sourceTree = "<group>"; };
		2ADB513A175032C800A750A4 /* DocsSearch.m */ = {isa = PBXFileReference; fileEncoding = 4; lastKnownFileType = sourcecode.c.objc; name = DocsSearch.m; path = Classes/DocsSearch.m; sourceTree = "<group>"; };
		2ADB513B175032C800A750A4 /* DocsTable.m */ = {isa = PBXFileReference; fileEncoding = 4; lastKnownFileType = sourcecode.c.objc; name = DocsTable.m; path = Classes/DocsTable.m; sourceTree = "<group>"; };
		2ADB513C175032C800A750A4 /* DocsTableView.h */ = {isa = PBXFileReference; fileEncoding = 4; lastKnownFileType = sourcecode.c.h; name = DocsTableView.h; path = Classes/DocsTableView.h; sourceTree = "<group>"; };
		2ADB513D175032C800A750A4 /* Service_RegistryAppDelegate.h */ = {isa = PBXFileReference; fileEncoding = 4; lastKnownFileType = sourcecode.c.h; name = Service_RegistryAppDelegate.h; path = Classes/Service_RegistryAppDelegate.h; sourceTree = "<group>"; };
		2ADB513E175032C800A750A4 /* BtoothSync.m */ = {isa = PBXFileReference; fileEncoding = 4; lastKnownFileType = sourcecode.c.objc; name = BtoothSync.m; path = Classes/BtoothSync.m; sourceTree = "<group>"; };
		2ADB513F175032C800A750A4 /* PrintPicker.m */ = {isa = PBXFileReference; fileEncoding = 4; lastKnownFileType = sourcecode.c.objc; name = PrintPicker.m; path = Classes/PrintPicker.m; sourceTree = "<group>"; };
		2ADB5140175032C800A750A4 /* PrintSearch.m */ = {isa = PBXFileReference; fileEncoding = 4; lastKnownFileType = sourcecode.c.objc; name = PrintSearch.m; path = Classes/PrintSearch.m; sourceTree = "<group>"; };
		2ADB5141175032C800A750A4 /* PrintTable.m */ = {isa = PBXFileReference; fileEncoding = 4; lastKnownFileType = sourcecode.c.objc; name = PrintTable.m; path = Classes/PrintTable.m; sourceTree = "<group>"; };
		2ADB5142175032C800A750A4 /* PrintSync.m */ = {isa = PBXFileReference; fileEncoding = 4; lastKnownFileType = sourcecode.c.objc; name = PrintSync.m; path = Classes/PrintSync.m; sourceTree = "<group>"; };
		2ADB5143175032C800A750A4 /* UserSearch.m */ = {isa = PBXFileReference; fileEncoding = 4; lastKnownFileType = sourcecode.c.objc; name = UserSearch.m; path = Classes/UserSearch.m; sourceTree = "<group>"; };
		2ADB5144175032C800A750A4 /* UserTable.m */ = {isa = PBXFileReference; fileEncoding = 4; lastKnownFileType = sourcecode.c.objc; name = UserTable.m; path = Classes/UserTable.m; sourceTree = "<group>"; };
		2ADB5145175032C800A750A4 /* ReportsSearch.m */ = {isa = PBXFileReference; fileEncoding = 4; lastKnownFileType = sourcecode.c.objc; name = ReportsSearch.m; path = Classes/ReportsSearch.m; sourceTree = "<group>"; };
		2ADB5146175032C800A750A4 /* ReportsTableView.m */ = {isa = PBXFileReference; fileEncoding = 4; lastKnownFileType = sourcecode.c.objc; name = ReportsTableView.m; path = Classes/ReportsTableView.m; sourceTree = "<group>"; };
		2ADB5147175032C800A750A4 /* PrintTableView.m */ = {isa = PBXFileReference; fileEncoding = 4; lastKnownFileType = sourcecode.c.objc; name = PrintTableView.m; path = Classes/PrintTableView.m; sourceTree = "<group>"; };
		2ADB5148175032C800A750A4 /* ReportsPage.m */ = {isa = PBXFileReference; fileEncoding = 4; lastKnownFileType = sourcecode.c.objc; name = ReportsPage.m; path = Classes/ReportsPage.m; sourceTree = "<group>"; };
		2ADB5149175032C800A750A4 /* TableView.m */ = {isa = PBXFileReference; fileEncoding = 4; lastKnownFileType = sourcecode.c.objc; name = TableView.m; path = Classes/TableView.m; sourceTree = "<group>"; };
		2ADB514A175032C800A750A4 /* ReportsPicker.m */ = {isa = PBXFileReference; fileEncoding = 4; lastKnownFileType = sourcecode.c.objc; name = ReportsPicker.m; path = Classes/ReportsPicker.m; sourceTree = "<group>"; };
		2ADB514B175032C800A750A4 /* Menu.m */ = {isa = PBXFileReference; fileEncoding = 4; lastKnownFileType = sourcecode.c.objc; name = Menu.m; path = Classes/Menu.m; sourceTree = "<group>"; };
		2ADB514C175032C800A750A4 /* NewRepForm.m */ = {isa = PBXFileReference; fileEncoding = 4; lastKnownFileType = sourcecode.c.objc; name = NewRepForm.m; path = Classes/NewRepForm.m; sourceTree = "<group>"; };
		2ADB514D175032C800A750A4 /* Login.m */ = {isa = PBXFileReference; fileEncoding = 4; lastKnownFileType = sourcecode.c.objc; name = Login.m; path = Classes/Login.m; sourceTree = "<group>"; };
		2ADB514E175032C800A750A4 /* Menu.h */ = {isa = PBXFileReference; fileEncoding = 4; lastKnownFileType = sourcecode.c.h; name = Menu.h; path = Classes/Menu.h; sourceTree = "<group>"; };
		2ADB514F175032C800A750A4 /* BtoothSync.h */ = {isa = PBXFileReference; fileEncoding = 4; lastKnownFileType = sourcecode.c.h; name = BtoothSync.h; path = Classes/BtoothSync.h; sourceTree = "<group>"; };
		2ADB5150175032C800A750A4 /* Login.h */ = {isa = PBXFileReference; fileEncoding = 4; lastKnownFileType = sourcecode.c.h; name = Login.h; path = Classes/Login.h; sourceTree = "<group>"; };
		2ADB5151175032C800A750A4 /* NewRepForm.h */ = {isa = PBXFileReference; fileEncoding = 4; lastKnownFileType = sourcecode.c.h; name = NewRepForm.h; path = Classes/NewRepForm.h; sourceTree = "<group>"; };
		2ADB5152175032C800A750A4 /* PrintPicker.h */ = {isa = PBXFileReference; fileEncoding = 4; lastKnownFileType = sourcecode.c.h; name = PrintPicker.h; path = Classes/PrintPicker.h; sourceTree = "<group>"; };
		2ADB5153175032C800A750A4 /* PrintSearch.h */ = {isa = PBXFileReference; fileEncoding = 4; lastKnownFileType = sourcecode.c.h; name = PrintSearch.h; path = Classes/PrintSearch.h; sourceTree = "<group>"; };
		2ADB5154175032C800A750A4 /* PrintSync.h */ = {isa = PBXFileReference; fileEncoding = 4; lastKnownFileType = sourcecode.c.h; name = PrintSync.h; path = Classes/PrintSync.h; sourceTree = "<group>"; };
		2ADB5155175032C800A750A4 /* PrintTable.h */ = {isa = PBXFileReference; fileEncoding = 4; lastKnownFileType = sourcecode.c.h; name = PrintTable.h; path = Classes/PrintTable.h; sourceTree = "<group>"; };
		2ADB5156175032C800A750A4 /* PrintTableView.h */ = {isa = PBXFileReference; fileEncoding = 4; lastKnownFileType = sourcecode.c.h; name = PrintTableView.h; path = Classes/PrintTableView.h; sourceTree = "<group>"; };
		2ADB5157175032C800A750A4 /* ReportsPage.h */ = {isa = PBXFileReference; fileEncoding = 4; lastKnownFileType = sourcecode.c.h; name = ReportsPage.h; path = Classes/ReportsPage.h; sourceTree = "<group>"; };
		2ADB5158175032C800A750A4 /* ReportsPicker.h */ = {isa = PBXFileReference; fileEncoding = 4; lastKnownFileType = sourcecode.c.h; name = ReportsPicker.h; path = Classes/ReportsPicker.h; sourceTree = "<group>"; };
		2ADB5159175032C800A750A4 /* ReportsSearch.h */ = {isa = PBXFileReference; fileEncoding = 4; lastKnownFileType = sourcecode.c.h; name = ReportsSearch.h; path = Classes/ReportsSearch.h; sourceTree = "<group>"; };
		2ADB515A175032C800A750A4 /* ReportsTable.h */ = {isa = PBXFileReference; fileEncoding = 4; lastKnownFileType = sourcecode.c.h; name = ReportsTable.h; path = Classes/ReportsTable.h; sourceTree = "<group>"; };
		2ADB515B175032C800A750A4 /* ReportsTableView.h */ = {isa = PBXFileReference; fileEncoding = 4; lastKnownFileType = sourcecode.c.h; name = ReportsTableView.h; path = Classes/ReportsTableView.h; sourceTree = "<group>"; };
		2ADB515C175032C800A750A4 /* UserSearch.h */ = {isa = PBXFileReference; fileEncoding = 4; lastKnownFileType = sourcecode.c.h; name = UserSearch.h; path = Classes/UserSearch.h; sourceTree = "<group>"; };
		2ADB515D175032C800A750A4 /* UserTable.h */ = {isa = PBXFileReference; fileEncoding = 4; lastKnownFileType = sourcecode.c.h; name = UserTable.h; path = Classes/UserTable.h; sourceTree = "<group>"; };
		2AE0F8D31749D1DE00F1E348 /* MobileCoreServices.framework */ = {isa = PBXFileReference; lastKnownFileType = wrapper.framework; name = MobileCoreServices.framework; path = System/Library/Frameworks/MobileCoreServices.framework; sourceTree = SDKROOT; };
		2AE0F8F71749DD8600F1E348 /* GTMOAuth2ViewTouch.xib */ = {isa = PBXFileReference; fileEncoding = 4; lastKnownFileType = file.xib; name = GTMOAuth2ViewTouch.xib; path = GTL_APIs/Source/OAuth2/Touch/GTMOAuth2ViewTouch.xib; sourceTree = SOURCE_ROOT; };
/* End PBXFileReference section */

/* Begin PBXFrameworksBuildPhase section */
		2A9850261748E22900D8971B /* Frameworks */ = {
			isa = PBXFrameworksBuildPhase;
			buildActionMask = 2147483647;
			files = (
				2AE0F8D41749D1DF00F1E348 /* MobileCoreServices.framework in Frameworks */,
				2A98548F17495B1500D8971B /* GameKit.framework in Frameworks */,
				2A9850A11749429700D8971B /* Security.framework in Frameworks */,
				2A98509F1749427000D8971B /* SystemConfiguration.framework in Frameworks */,
				2A98502D1748E22900D8971B /* UIKit.framework in Frameworks */,
				2A98502F1748E22900D8971B /* Foundation.framework in Frameworks */,
				2A9850311748E22900D8971B /* CoreGraphics.framework in Frameworks */,
				2A9850331748E22900D8971B /* CoreData.framework in Frameworks */,
				2A98764A1750A9C900D02912 /* SenTestingKit.framework in Frameworks */,
			);
			runOnlyForDeploymentPostprocessing = 0;
		};
		2A98504A1748E22A00D8971B /* Frameworks */ = {
			isa = PBXFrameworksBuildPhase;
			buildActionMask = 2147483647;
			files = (
				2A9850501748E22A00D8971B /* SenTestingKit.framework in Frameworks */,
				2A9850511748E22A00D8971B /* UIKit.framework in Frameworks */,
				2A9850521748E22A00D8971B /* Foundation.framework in Frameworks */,
				2A9850531748E22A00D8971B /* CoreData.framework in Frameworks */,
			);
			runOnlyForDeploymentPostprocessing = 0;
		};
/* End PBXFrameworksBuildPhase section */

/* Begin PBXGroup section */
		2A9850201748E22900D8971B = {
			isa = PBXGroup;
			children = (
				2A9850341748E22900D8971B /* Service Registry */,
				2A9850561748E22A00D8971B /* Service RegistryTests */,
				2A98502B1748E22900D8971B /* Frameworks */,
				2A98502A1748E22900D8971B /* Products */,
			);
			sourceTree = "<group>";
		};
		2A98502A1748E22900D8971B /* Products */ = {
			isa = PBXGroup;
			children = (
				2A9850291748E22900D8971B /* Service Registry.app */,
				2A98504E1748E22A00D8971B /* Service RegistryTests.octest */,
			);
			name = Products;
			sourceTree = "<group>";
		};
		2A98502B1748E22900D8971B /* Frameworks */ = {
			isa = PBXGroup;
			children = (
				2AE0F8D31749D1DE00F1E348 /* MobileCoreServices.framework */,
				2A98548E17495B1500D8971B /* GameKit.framework */,
				2A9850A01749429700D8971B /* Security.framework */,
				2A98509E1749427000D8971B /* SystemConfiguration.framework */,
				2A98502C1748E22900D8971B /* UIKit.framework */,
				2A98502E1748E22900D8971B /* Foundation.framework */,
				2A9850301748E22900D8971B /* CoreGraphics.framework */,
				2A9850321748E22900D8971B /* CoreData.framework */,
				2A98504F1748E22A00D8971B /* SenTestingKit.framework */,
			);
			name = Frameworks;
			sourceTree = "<group>";
		};
		2A9850341748E22900D8971B /* Service Registry */ = {
			isa = PBXGroup;
			children = (
				2ADB5134175032C800A750A4 /* Service_RegistryAppDelegate.m */,
				2ADB513D175032C800A750A4 /* Service_RegistryAppDelegate.h */,
				2A9850671748E25B00D8971B /* Classes */,
				2A9850351748E22900D8971B /* Supporting Files */,
			);
			path = "Service Registry";
			sourceTree = "<group>";
		};
		2A9850351748E22900D8971B /* Supporting Files */ = {
			isa = PBXGroup;
			children = (
				2AE0F8F71749DD8600F1E348 /* GTMOAuth2ViewTouch.xib */,
				2A9854A31749626F00D8971B /* MainWindow.xib */,
				2A9854A41749626F00D8971B /* thecomputerguylogo.png */,
				2A9850461748E22A00D8971B /* Service_Registry.xcdatamodeld */,
				2A9850361748E22900D8971B /* Service Registry-Info.plist */,
				2A9850371748E22900D8971B /* InfoPlist.strings */,
				2A98503A1748E22900D8971B /* main.m */,
				2A98503C1748E22900D8971B /* Service Registry-Prefix.pch */,
				2A9850401748E22900D8971B /* Default.png */,
				2A9850421748E22900D8971B /* Default@2x.png */,
				2A9850441748E22900D8971B /* Default-568h@2x.png */,
			);
			name = "Supporting Files";
			sourceTree = "<group>";
		};
		2A9850561748E22A00D8971B /* Service RegistryTests */ = {
			isa = PBXGroup;
			children = (
				2A98505C1748E22A00D8971B /* Service_RegistryTests.h */,
				2A98505D1748E22A00D8971B /* Service_RegistryTests.m */,
				2A9850571748E22A00D8971B /* Supporting Files */,
			);
			path = "Service RegistryTests";
			sourceTree = "<group>";
		};
		2A9850571748E22A00D8971B /* Supporting Files */ = {
			isa = PBXGroup;
			children = (
				2A9850581748E22A00D8971B /* Service RegistryTests-Info.plist */,
				2A9850591748E22A00D8971B /* InfoPlist.strings */,
			);
			name = "Supporting Files";
			sourceTree = "<group>";
		};
		2A9850671748E25B00D8971B /* Classes */ = {
			isa = PBXGroup;
			children = (
				2A98769D1750AA5B00D02912 /* GTL Source */,
				2A9862041750346500D02912 /* NewRepForm */,
				2A9862031750345A00D02912 /* Menu */,
				2A9862001750344E00D02912 /* Login */,
				2AE0F77B17499D1300F1E348 /* Tools */,
				2AE0F7691749793000F1E348 /* Sync */,
				2AE0F7681749790A00F1E348 /* Print */,
				2AE0F767174978FF00F1E348 /* Reports */,
			);
			name = Classes;
			sourceTree = "<group>";
		};
		2A9862001750344E00D02912 /* Login */ = {
			isa = PBXGroup;
			children = (
				2ADB514D175032C800A750A4 /* Login.m */,
				2ADB5150175032C800A750A4 /* Login.h */,
			);
			name = Login;
			sourceTree = "<group>";
		};
		2A9862031750345A00D02912 /* Menu */ = {
			isa = PBXGroup;
			children = (
				2ADB514B175032C800A750A4 /* Menu.m */,
				2ADB514E175032C800A750A4 /* Menu.h */,
			);
			name = Menu;
			sourceTree = "<group>";
		};
		2A9862041750346500D02912 /* NewRepForm */ = {
			isa = PBXGroup;
			children = (
				2ADB514C175032C800A750A4 /* NewRepForm.m */,
				2ADB5151175032C800A750A4 /* NewRepForm.h */,
			);
			name = NewRepForm;
			sourceTree = "<group>";
		};
		2A9862071750395400D02912 /* GDrive */ = {
			isa = PBXGroup;
			children = (
				2A9862081750396E00D02912 /* Referenced Source */,
				2ADB512F175032C800A750A4 /* DocsSync.m */,
				2ADB5130175032C800A750A4 /* DocsSync.h */,
				2ADB5135175032C800A750A4 /* DocsTableView.m */,
				2ADB5136175032C800A750A4 /* DocsTable.h */,
				2ADB5137175032C800A750A4 /* DocsPicker.h */,
				2ADB5138175032C800A750A4 /* DocsPicker.m */,
				2ADB5139175032C800A750A4 /* DocsSearch.h */,
				2ADB513A175032C800A750A4 /* DocsSearch.m */,
				2ADB513B175032C800A750A4 /* DocsTable.m */,
				2ADB513C175032C800A750A4 /* DocsTableView.h */,
			);
			name = GDrive;
			sourceTree = "<group>";
		};
		2A9862081750396E00D02912 /* Referenced Source */ = {
			isa = PBXGroup;
			children = (
			);
			name = "Referenced Source";
			sourceTree = "<group>";
		};
		2A9876731750AA5B00D02912 /* Objects */ = {
			isa = PBXGroup;
			children = (
				2A9876611750AA5B00D02912 /* GTLObject.h */,
				2A9876621750AA5B00D02912 /* GTLObject.m */,
				2A9876631750AA5B00D02912 /* GTLQuery.h */,
				2A9876641750AA5B00D02912 /* GTLQuery.m */,
				2A9876651750AA5B00D02912 /* GTLBatchQuery.h */,
				2A9876661750AA5B00D02912 /* GTLBatchQuery.m */,
				2A9876671750AA5B00D02912 /* GTLService.h */,
				2A9876681750AA5B00D02912 /* GTLService.m */,
				2A9876691750AA5B00D02912 /* GTLBatchResult.h */,
				2A98766A1750AA5B00D02912 /* GTLBatchResult.m */,
				2A98766B1750AA5B00D02912 /* GTLUploadParameters.h */,
				2A98766C1750AA5B00D02912 /* GTLUploadParameters.m */,
				2A98766D1750AA5B00D02912 /* GTLDateTime.h */,
				2A98766E1750AA5B00D02912 /* GTLDateTime.m */,
				2A98766F1750AA5B00D02912 /* GTLErrorObject.h */,
				2A9876701750AA5B00D02912 /* GTLErrorObject.m */,
				2A9876711750AA5B00D02912 /* GTLRuntimeCommon.h */,
				2A9876721750AA5B00D02912 /* GTLRuntimeCommon.m */,
			);
			name = Objects;
			sourceTree = "<group>";
		};
		2A98767D1750AA5B00D02912 /* Utilities */ = {
			isa = PBXGroup;
			children = (
				2A9876741750AA5B00D02912 /* GTLFramework.h */,
				2A9876751750AA5B00D02912 /* GTLFramework.m */,
				2A9876761750AA5B00D02912 /* GTLJSONParser.h */,
				2A9876771750AA5B00D02912 /* GTLJSONParser.m */,
				2A9876781750AA5B00D02912 /* GTLTargetNamespace.h */,
				2A9876791750AA5B00D02912 /* GTLUtilities.h */,
				2A98767A1750AA5B00D02912 /* GTLUtilities.m */,
				2A98767B1750AA5B00D02912 /* GTLBase64.h */,
				2A98767C1750AA5B00D02912 /* GTLBase64.m */,
			);
			name = Utilities;
			sourceTree = "<group>";
		};
		2A98768E1750AA5B00D02912 /* HTTPFetcher */ = {
			isa = PBXGroup;
			children = (
				2A98767E1750AA5B00D02912 /* GTMHTTPFetcherService.h */,
				2A98767F1750AA5B00D02912 /* GTMHTTPFetcherService.m */,
				2A9876801750AA5B00D02912 /* GTMHTTPFetcher.h */,
				2A9876811750AA5B00D02912 /* GTMHTTPFetcher.m */,
				2A9876821750AA5B00D02912 /* GTMHTTPFetcherLogging.h */,
				2A9876831750AA5B00D02912 /* GTMHTTPFetcherLogging.m */,
				2A9876841750AA5B00D02912 /* GTMHTTPFetchHistory.h */,
				2A9876851750AA5B00D02912 /* GTMHTTPFetchHistory.m */,
				2A9876861750AA5B00D02912 /* GTMHTTPUploadFetcher.h */,
				2A9876871750AA5B00D02912 /* GTMHTTPUploadFetcher.m */,
				2A9876881750AA5B00D02912 /* GTMGatherInputStream.h */,
				2A9876891750AA5B00D02912 /* GTMGatherInputStream.m */,
				2A98768A1750AA5B00D02912 /* GTMMIMEDocument.h */,
				2A98768B1750AA5B00D02912 /* GTMMIMEDocument.m */,
				2A98768C1750AA5B00D02912 /* GTMReadMonitorInputStream.h */,
				2A98768D1750AA5B00D02912 /* GTMReadMonitorInputStream.m */,
			);
			name = HTTPFetcher;
			sourceTree = "<group>";
		};
		2A9876961750AA5B00D02912 /* Mac */ = {
			isa = PBXGroup;
			children = (
				2A9876931750AA5B00D02912 /* GTMOAuth2Window.xib */,
				2A9876941750AA5B00D02912 /* GTMOAuth2WindowController.h */,
				2A9876951750AA5B00D02912 /* GTMOAuth2WindowController.m */,
			);
			name = Mac;
			sourceTree = "<group>";
		};
		2A98769A1750AA5B00D02912 /* Touch */ = {
			isa = PBXGroup;
			children = (
				2A9876971750AA5B00D02912 /* GTMOAuth2ViewControllerTouch.h */,
				2A9876981750AA5B00D02912 /* GTMOAuth2ViewControllerTouch.m */,
				2A9876991750AA5B00D02912 /* GTMOAuth2ViewTouch.xib */,
			);
			name = Touch;
			sourceTree = "<group>";
		};
		2A98769B1750AA5B00D02912 /* OAuth2 */ = {
			isa = PBXGroup;
			children = (
				2A98768F1750AA5B00D02912 /* GTMOAuth2Authentication.h */,
				2A9876901750AA5B00D02912 /* GTMOAuth2Authentication.m */,
				2A9876911750AA5B00D02912 /* GTMOAuth2SignIn.h */,
				2A9876921750AA5B00D02912 /* GTMOAuth2SignIn.m */,
				2A9876961750AA5B00D02912 /* Mac */,
				2A98769A1750AA5B00D02912 /* Touch */,
			);
			name = OAuth2;
			sourceTree = "<group>";
		};
		2A98769C1750AA5B00D02912 /* Common */ = {
			isa = PBXGroup;
			children = (
				2A9876D41750AAEC00D02912 /* Drive */,
				2A9876601750AA5B00D02912 /* GTLDefines.h */,
				2A9876731750AA5B00D02912 /* Objects */,
				2A98767D1750AA5B00D02912 /* Utilities */,
				2A98768E1750AA5B00D02912 /* HTTPFetcher */,
				2A98769B1750AA5B00D02912 /* OAuth2 */,
			);
			name = Common;
			sourceTree = "<group>";
		};
		2A98769D1750AA5B00D02912 /* GTL Source */ = {
			isa = PBXGroup;
			children = (
				2A98769C1750AA5B00D02912 /* Common */,
			);
			name = "GTL Source";
			path = ../GTL_APIs/Source;
			sourceTree = "<group>";
		};
		2A9876D41750AAEC00D02912 /* Drive */ = {
			isa = PBXGroup;
			children = (
				2A9876D51750AAEC00D02912 /* Generated */,
			);
			name = Drive;
			path = Services/Drive;
			sourceTree = "<group>";
		};
		2A9876D51750AAEC00D02912 /* Generated */ = {
			isa = PBXGroup;
			children = (
				2A9876D61750AAEC00D02912 /* GTLDrive.h */,
				2A9876D71750AAEC00D02912 /* GTLDrive_Sources.m */,
				2A9876D81750AAEC00D02912 /* GTLDriveAbout.h */,
				2A9876D91750AAEC00D02912 /* GTLDriveAbout.m */,
				2A9876DA1750AAEC00D02912 /* GTLDriveApp.h */,
				2A9876DB1750AAEC00D02912 /* GTLDriveApp.m */,
				2A9876DC1750AAEC00D02912 /* GTLDriveAppList.h */,
				2A9876DD1750AAEC00D02912 /* GTLDriveAppList.m */,
				2A9876DE1750AAEC00D02912 /* GTLDriveChange.h */,
				2A9876DF1750AAEC00D02912 /* GTLDriveChange.m */,
				2A9876E01750AAEC00D02912 /* GTLDriveChangeList.h */,
				2A9876E11750AAEC00D02912 /* GTLDriveChangeList.m */,
				2A9876E21750AAEC00D02912 /* GTLDriveChildList.h */,
				2A9876E31750AAEC00D02912 /* GTLDriveChildList.m */,
				2A9876E41750AAEC00D02912 /* GTLDriveChildReference.h */,
				2A9876E51750AAEC00D02912 /* GTLDriveChildReference.m */,
				2A9876E61750AAEC00D02912 /* GTLDriveComment.h */,
				2A9876E71750AAEC00D02912 /* GTLDriveComment.m */,
				2A9876E81750AAEC00D02912 /* GTLDriveCommentList.h */,
				2A9876E91750AAEC00D02912 /* GTLDriveCommentList.m */,
				2A9876EA1750AAEC00D02912 /* GTLDriveCommentReply.h */,
				2A9876EB1750AAEC00D02912 /* GTLDriveCommentReply.m */,
				2A9876EC1750AAEC00D02912 /* GTLDriveCommentReplyList.h */,
				2A9876ED1750AAEC00D02912 /* GTLDriveCommentReplyList.m */,
				2A9876EE1750AAEC00D02912 /* GTLDriveConstants.h */,
				2A9876EF1750AAED00D02912 /* GTLDriveConstants.m */,
				2A9876F01750AAED00D02912 /* GTLDriveFile.h */,
				2A9876F11750AAED00D02912 /* GTLDriveFile.m */,
				2A9876F21750AAED00D02912 /* GTLDriveFileList.h */,
				2A9876F31750AAED00D02912 /* GTLDriveFileList.m */,
				2A9876F41750AAED00D02912 /* GTLDriveParentList.h */,
				2A9876F51750AAED00D02912 /* GTLDriveParentList.m */,
				2A9876F61750AAED00D02912 /* GTLDriveParentReference.h */,
				2A9876F71750AAED00D02912 /* GTLDriveParentReference.m */,
				2A9876F81750AAED00D02912 /* GTLDrivePermission.h */,
				2A9876F91750AAED00D02912 /* GTLDrivePermission.m */,
				2A9876FA1750AAED00D02912 /* GTLDrivePermissionList.h */,
				2A9876FB1750AAED00D02912 /* GTLDrivePermissionList.m */,
				2A9876FC1750AAED00D02912 /* GTLDriveProperty.h */,
				2A9876FD1750AAED00D02912 /* GTLDriveProperty.m */,
				2A9876FE1750AAED00D02912 /* GTLDrivePropertyList.h */,
				2A9876FF1750AAED00D02912 /* GTLDrivePropertyList.m */,
				2A9877001750AAED00D02912 /* GTLDriveRevision.h */,
				2A9877011750AAED00D02912 /* GTLDriveRevision.m */,
				2A9877021750AAED00D02912 /* GTLDriveRevisionList.h */,
				2A9877031750AAED00D02912 /* GTLDriveRevisionList.m */,
				2A9877041750AAED00D02912 /* GTLDriveUser.h */,
				2A9877051750AAED00D02912 /* GTLDriveUser.m */,
				2A9877061750AAED00D02912 /* GTLQueryDrive.h */,
				2A9877071750AAED00D02912 /* GTLQueryDrive.m */,
				2A9877081750AAED00D02912 /* GTLServiceDrive.h */,
				2A9877091750AAED00D02912 /* GTLServiceDrive.m */,
			);
			path = Generated;
			sourceTree = "<group>";
		};
		2AE0F767174978FF00F1E348 /* Reports */ = {
			isa = PBXGroup;
			children = (
				2ADB5132175032C800A750A4 /* ReportsTable.m */,
				2ADB5146175032C800A750A4 /* ReportsTableView.m */,
				2ADB5145175032C800A750A4 /* ReportsSearch.m */,
				2ADB514A175032C800A750A4 /* ReportsPicker.m */,
				2ADB5148175032C800A750A4 /* ReportsPage.m */,
				2ADB5157175032C800A750A4 /* ReportsPage.h */,
				2ADB5158175032C800A750A4 /* ReportsPicker.h */,
				2ADB5159175032C800A750A4 /* ReportsSearch.h */,
				2ADB515A175032C800A750A4 /* ReportsTable.h */,
				2ADB515B175032C800A750A4 /* ReportsTableView.h */,
			);
			name = Reports;
			sourceTree = "<group>";
		};
		2AE0F7681749790A00F1E348 /* Print */ = {
			isa = PBXGroup;
			children = (
				2ADB5149175032C800A750A4 /* TableView.m */,
				2ADB513F175032C800A750A4 /* PrintPicker.m */,
				2ADB5140175032C800A750A4 /* PrintSearch.m */,
				2ADB5141175032C800A750A4 /* PrintTable.m */,
				2ADB5147175032C800A750A4 /* PrintTableView.m */,
				2ADB5142175032C800A750A4 /* PrintSync.m */,
				2ADB5152175032C800A750A4 /* PrintPicker.h */,
				2ADB5153175032C800A750A4 /* PrintSearch.h */,
				2ADB5154175032C800A750A4 /* PrintSync.h */,
				2ADB5155175032C800A750A4 /* PrintTable.h */,
				2ADB5156175032C800A750A4 /* PrintTableView.h */,
			);
			name = Print;
			sourceTree = "<group>";
		};
		2AE0F7691749793000F1E348 /* Sync */ = {
			isa = PBXGroup;
			children = (
				2A9862071750395400D02912 /* GDrive */,
				2AE0F76A1749793800F1E348 /* Btooth */,
			);
			name = Sync;
			sourceTree = "<group>";
		};
		2AE0F76A1749793800F1E348 /* Btooth */ = {
			isa = PBXGroup;
			children = (
				2ADB513E175032C800A750A4 /* BtoothSync.m */,
				2ADB514F175032C800A750A4 /* BtoothSync.h */,
			);
			name = Btooth;
			sourceTree = "<group>";
		};
		2AE0F77B17499D1300F1E348 /* Tools */ = {
			isa = PBXGroup;
			children = (
				2ADB5143175032C800A750A4 /* UserSearch.m */,
				2ADB5144175032C800A750A4 /* UserTable.m */,
				2ADB5131175032C800A750A4 /* Tools.m */,
				2ADB5133175032C800A750A4 /* Tools.h */,
				2ADB515C175032C800A750A4 /* UserSearch.h */,
				2ADB515D175032C800A750A4 /* UserTable.h */,
			);
			name = Tools;
			sourceTree = "<group>";
		};
/* End PBXGroup section */

/* Begin PBXNativeTarget section */
		2A9850281748E22900D8971B /* Service Registry */ = {
			isa = PBXNativeTarget;
			buildConfigurationList = 2A9850611748E22A00D8971B /* Build configuration list for PBXNativeTarget "Service Registry" */;
			buildPhases = (
				2A9850251748E22900D8971B /* Sources */,
				2A9850261748E22900D8971B /* Frameworks */,
				2A9850271748E22900D8971B /* Resources */,
			);
			buildRules = (
			);
			dependencies = (
			);
			name = "Service Registry";
			productName = "Service Registry";
			productReference = 2A9850291748E22900D8971B /* Service Registry.app */;
			productType = "com.apple.product-type.application";
		};
		2A98504D1748E22A00D8971B /* Service RegistryTests */ = {
			isa = PBXNativeTarget;
			buildConfigurationList = 2A9850641748E22A00D8971B /* Build configuration list for PBXNativeTarget "Service RegistryTests" */;
			buildPhases = (
				2A9850491748E22A00D8971B /* Sources */,
				2A98504A1748E22A00D8971B /* Frameworks */,
				2A98504B1748E22A00D8971B /* Resources */,
				2A98504C1748E22A00D8971B /* ShellScript */,
			);
			buildRules = (
			);
			dependencies = (
				2A9850551748E22A00D8971B /* PBXTargetDependency */,
			);
			name = "Service RegistryTests";
			productName = "Service RegistryTests";
			productReference = 2A98504E1748E22A00D8971B /* Service RegistryTests.octest */;
			productType = "com.apple.product-type.bundle";
		};
/* End PBXNativeTarget section */

/* Begin PBXProject section */
		2A9850211748E22900D8971B /* Project object */ = {
			isa = PBXProject;
			attributes = {
				LastUpgradeCheck = 0460;
				ORGANIZATIONNAME = "Nchinda Nchinda";
			};
			buildConfigurationList = 2A9850241748E22900D8971B /* Build configuration list for PBXProject "Service Registry" */;
			compatibilityVersion = "Xcode 3.2";
			developmentRegion = English;
			hasScannedForEncodings = 0;
			knownRegions = (
				en,
				English,
			);
			mainGroup = 2A9850201748E22900D8971B;
			productRefGroup = 2A98502A1748E22900D8971B /* Products */;
			projectDirPath = "";
			projectRoot = "";
			targets = (
				2A9850281748E22900D8971B /* Service Registry */,
				2A98504D1748E22A00D8971B /* Service RegistryTests */,
			);
		};
/* End PBXProject section */

/* Begin PBXResourcesBuildPhase section */
		2A9850271748E22900D8971B /* Resources */ = {
			isa = PBXResourcesBuildPhase;
			buildActionMask = 2147483647;
			files = (
				2A9850391748E22900D8971B /* InfoPlist.strings in Resources */,
				2A9850411748E22900D8971B /* Default.png in Resources */,
				2A9850431748E22900D8971B /* Default@2x.png in Resources */,
				2A9850451748E22900D8971B /* Default-568h@2x.png in Resources */,
				2A9854A51749626F00D8971B /* MainWindow.xib in Resources */,
				2A9854A61749626F00D8971B /* thecomputerguylogo.png in Resources */,
				2AE0F8F81749DD8600F1E348 /* GTMOAuth2ViewTouch.xib in Resources */,
				2A98769E1750AA5B00D02912 /* GTLDefines.h in Resources */,
				2A98769F1750AA5B00D02912 /* GTLObject.h in Resources */,
				2A9876A01750AA5B00D02912 /* GTLObject.m in Resources */,
				2A9876A11750AA5B00D02912 /* GTLQuery.h in Resources */,
				2A9876A21750AA5B00D02912 /* GTLQuery.m in Resources */,
				2A9876A31750AA5B00D02912 /* GTLBatchQuery.h in Resources */,
				2A9876A41750AA5B00D02912 /* GTLBatchQuery.m in Resources */,
				2A9876A51750AA5B00D02912 /* GTLService.h in Resources */,
				2A9876A61750AA5B00D02912 /* GTLService.m in Resources */,
				2A9876A71750AA5B00D02912 /* GTLBatchResult.h in Resources */,
				2A9876A81750AA5B00D02912 /* GTLBatchResult.m in Resources */,
				2A9876A91750AA5B00D02912 /* GTLUploadParameters.h in Resources */,
				2A9876AA1750AA5B00D02912 /* GTLUploadParameters.m in Resources */,
				2A9876AB1750AA5B00D02912 /* GTLDateTime.h in Resources */,
				2A9876AC1750AA5B00D02912 /* GTLDateTime.m in Resources */,
				2A9876AD1750AA5B00D02912 /* GTLErrorObject.h in Resources */,
				2A9876AE1750AA5B00D02912 /* GTLErrorObject.m in Resources */,
				2A9876AF1750AA5B00D02912 /* GTLRuntimeCommon.h in Resources */,
				2A9876B01750AA5B00D02912 /* GTLRuntimeCommon.m in Resources */,
				2A9876B11750AA5B00D02912 /* GTLFramework.h in Resources */,
				2A9876B21750AA5B00D02912 /* GTLFramework.m in Resources */,
				2A9876B31750AA5B00D02912 /* GTLJSONParser.h in Resources */,
				2A9876B41750AA5B00D02912 /* GTLJSONParser.m in Resources */,
				2A9876B51750AA5B00D02912 /* GTLTargetNamespace.h in Resources */,
				2A9876B61750AA5B00D02912 /* GTLUtilities.h in Resources */,
				2A9876B71750AA5B00D02912 /* GTLUtilities.m in Resources */,
				2A9876B81750AA5B00D02912 /* GTLBase64.h in Resources */,
				2A9876B91750AA5B00D02912 /* GTLBase64.m in Resources */,
				2A9876BA1750AA5B00D02912 /* GTMHTTPFetcherService.h in Resources */,
				2A9876BB1750AA5B00D02912 /* GTMHTTPFetcherService.m in Resources */,
				2A9876BC1750AA5B00D02912 /* GTMHTTPFetcher.h in Resources */,
				2A9876BD1750AA5B00D02912 /* GTMHTTPFetcher.m in Resources */,
				2A9876BE1750AA5B00D02912 /* GTMHTTPFetcherLogging.h in Resources */,
				2A9876BF1750AA5B00D02912 /* GTMHTTPFetcherLogging.m in Resources */,
				2A9876C01750AA5B00D02912 /* GTMHTTPFetchHistory.h in Resources */,
				2A9876C11750AA5B00D02912 /* GTMHTTPFetchHistory.m in Resources */,
				2A9876C21750AA5B00D02912 /* GTMHTTPUploadFetcher.h in Resources */,
				2A9876C31750AA5B00D02912 /* GTMHTTPUploadFetcher.m in Resources */,
				2A9876C41750AA5B00D02912 /* GTMGatherInputStream.h in Resources */,
				2A9876C51750AA5B00D02912 /* GTMGatherInputStream.m in Resources */,
				2A9876C61750AA5B00D02912 /* GTMMIMEDocument.h in Resources */,
				2A9876C71750AA5B00D02912 /* GTMMIMEDocument.m in Resources */,
				2A9876C81750AA5B00D02912 /* GTMReadMonitorInputStream.h in Resources */,
				2A9876C91750AA5B00D02912 /* GTMReadMonitorInputStream.m in Resources */,
				2A9876CA1750AA5B00D02912 /* GTMOAuth2Authentication.h in Resources */,
				2A9876CB1750AA5B00D02912 /* GTMOAuth2Authentication.m in Resources */,
				2A9876CC1750AA5B00D02912 /* GTMOAuth2SignIn.h in Resources */,
				2A9876CD1750AA5B00D02912 /* GTMOAuth2SignIn.m in Resources */,
				2A9876CE1750AA5B00D02912 /* GTMOAuth2Window.xib in Resources */,
				2A9876CF1750AA5B00D02912 /* GTMOAuth2WindowController.h in Resources */,
				2A9876D01750AA5B00D02912 /* GTMOAuth2WindowController.m in Resources */,
				2A9876D11750AA5B00D02912 /* GTMOAuth2ViewControllerTouch.h in Resources */,
				2A9876D21750AA5B00D02912 /* GTMOAuth2ViewControllerTouch.m in Resources */,
				2A9876D31750AA5B00D02912 /* GTMOAuth2ViewTouch.xib in Resources */,
			);
			runOnlyForDeploymentPostprocessing = 0;
		};
		2A98504B1748E22A00D8971B /* Resources */ = {
			isa = PBXResourcesBuildPhase;
			buildActionMask = 2147483647;
			files = (
				2A98505B1748E22A00D8971B /* InfoPlist.strings in Resources */,
			);
			runOnlyForDeploymentPostprocessing = 0;
		};
/* End PBXResourcesBuildPhase section */

/* Begin PBXShellScriptBuildPhase section */
		2A98504C1748E22A00D8971B /* ShellScript */ = {
			isa = PBXShellScriptBuildPhase;
			buildActionMask = 2147483647;
			files = (
			);
			inputPaths = (
			);
			outputPaths = (
			);
			runOnlyForDeploymentPostprocessing = 0;
			shellPath = /bin/sh;
			shellScript = "# Run the unit tests in this test bundle.\n\"${SYSTEM_DEVELOPER_DIR}/Tools/RunUnitTests\"\n";
		};
/* End PBXShellScriptBuildPhase section */

/* Begin PBXSourcesBuildPhase section */
		2A9850251748E22900D8971B /* Sources */ = {
			isa = PBXSourcesBuildPhase;
			buildActionMask = 2147483647;
			files = (
				2A98503B1748E22900D8971B /* main.m in Sources */,
				2A9850481748E22A00D8971B /* Service_Registry.xcdatamodeld in Sources */,
				2ADB515E175032C800A750A4 /* DocsSync.m in Sources */,
				2ADB515F175032C800A750A4 /* Tools.m in Sources */,
				2ADB5160175032C800A750A4 /* ReportsTable.m in Sources */,
				2ADB5161175032C800A750A4 /* Service_RegistryAppDelegate.m in Sources */,
				2ADB5162175032C800A750A4 /* DocsTableView.m in Sources */,
				2ADB5163175032C800A750A4 /* DocsPicker.m in Sources */,
				2ADB5164175032C800A750A4 /* DocsSearch.m in Sources */,
				2ADB5165175032C800A750A4 /* DocsTable.m in Sources */,
				2ADB5166175032C800A750A4 /* BtoothSync.m in Sources */,
				2ADB5167175032C800A750A4 /* PrintPicker.m in Sources */,
				2ADB5168175032C800A750A4 /* PrintSearch.m in Sources */,
				2ADB5169175032C800A750A4 /* PrintTable.m in Sources */,
				2ADB516A175032C800A750A4 /* PrintSync.m in Sources */,
				2ADB516B175032C800A750A4 /* UserSearch.m in Sources */,
				2ADB516C175032C800A750A4 /* UserTable.m in Sources */,
				2ADB516D175032C800A750A4 /* ReportsSearch.m in Sources */,
				2ADB516E175032C800A750A4 /* ReportsTableView.m in Sources */,
				2ADB516F175032C800A750A4 /* PrintTableView.m in Sources */,
				2ADB5170175032C800A750A4 /* ReportsPage.m in Sources */,
				2ADB5171175032C800A750A4 /* TableView.m in Sources */,
				2ADB5172175032C800A750A4 /* ReportsPicker.m in Sources */,
				2ADB5173175032C800A750A4 /* Menu.m in Sources */,
				2ADB5174175032C800A750A4 /* NewRepForm.m in Sources */,
				2ADB5175175032C800A750A4 /* Login.m in Sources */,
				2A98770A1750AAED00D02912 /* GTLDrive_Sources.m in Sources */,
				2A98770B1750AAED00D02912 /* GTLDriveAbout.m in Sources */,
				2A98770C1750AAED00D02912 /* GTLDriveApp.m in Sources */,
				2A98770D1750AAED00D02912 /* GTLDriveAppList.m in Sources */,
				2A98770E1750AAED00D02912 /* GTLDriveChange.m in Sources */,
				2A98770F1750AAED00D02912 /* GTLDriveChangeList.m in Sources */,
				2A9877101750AAED00D02912 /* GTLDriveChildList.m in Sources */,
				2A9877111750AAED00D02912 /* GTLDriveChildReference.m in Sources */,
				2A9877121750AAED00D02912 /* GTLDriveComment.m in Sources */,
				2A9877131750AAED00D02912 /* GTLDriveCommentList.m in Sources */,
				2A9877141750AAED00D02912 /* GTLDriveCommentReply.m in Sources */,
				2A9877151750AAED00D02912 /* GTLDriveCommentReplyList.m in Sources */,
				2A9877161750AAED00D02912 /* GTLDriveConstants.m in Sources */,
				2A9877171750AAED00D02912 /* GTLDriveFile.m in Sources */,
				2A9877181750AAED00D02912 /* GTLDriveFileList.m in Sources */,
				2A9877191750AAED00D02912 /* GTLDriveParentList.m in Sources */,
				2A98771A1750AAED00D02912 /* GTLDriveParentReference.m in Sources */,
				2A98771B1750AAED00D02912 /* GTLDrivePermission.m in Sources */,
				2A98771C1750AAED00D02912 /* GTLDrivePermissionList.m in Sources */,
				2A98771D1750AAED00D02912 /* GTLDriveProperty.m in Sources */,
				2A98771E1750AAED00D02912 /* GTLDrivePropertyList.m in Sources */,
				2A98771F1750AAED00D02912 /* GTLDriveRevision.m in Sources */,
				2A9877201750AAED00D02912 /* GTLDriveRevisionList.m in Sources */,
				2A9877211750AAED00D02912 /* GTLDriveUser.m in Sources */,
				2A9877221750AAED00D02912 /* GTLQueryDrive.m in Sources */,
				2A9877231750AAED00D02912 /* GTLServiceDrive.m in Sources */,
			);
			runOnlyForDeploymentPostprocessing = 0;
		};
		2A9850491748E22A00D8971B /* Sources */ = {
			isa = PBXSourcesBuildPhase;
			buildActionMask = 2147483647;
			files = (
				2A98505E1748E22A00D8971B /* Service_RegistryTests.m in Sources */,
			);
			runOnlyForDeploymentPostprocessing = 0;
		};
/* End PBXSourcesBuildPhase section */

/* Begin PBXTargetDependency section */
		2A9850551748E22A00D8971B /* PBXTargetDependency */ = {
			isa = PBXTargetDependency;
			target = 2A9850281748E22900D8971B /* Service Registry */;
			targetProxy = 2A9850541748E22A00D8971B /* PBXContainerItemProxy */;
		};
/* End PBXTargetDependency section */

/* Begin PBXVariantGroup section */
		2A9850371748E22900D8971B /* InfoPlist.strings */ = {
			isa = PBXVariantGroup;
			children = (
				2A9850381748E22900D8971B /* en */,
			);
			name = InfoPlist.strings;
			sourceTree = "<group>";
		};
		2A9850591748E22A00D8971B /* InfoPlist.strings */ = {
			isa = PBXVariantGroup;
			children = (
				2A98505A1748E22A00D8971B /* en */,
			);
			name = InfoPlist.strings;
			sourceTree = "<group>";
		};
/* End PBXVariantGroup section */

/* Begin XCBuildConfiguration section */
		2A98505F1748E22A00D8971B /* Debug */ = {
			isa = XCBuildConfiguration;
			buildSettings = {
				ALWAYS_SEARCH_USER_PATHS = YES;
				CLANG_CXX_LANGUAGE_STANDARD = "gnu++0x";
				CLANG_CXX_LIBRARY = "libc++";
				CLANG_ENABLE_OBJC_ARC = YES;
				CLANG_WARN_CONSTANT_CONVERSION = YES;
				CLANG_WARN_EMPTY_BODY = YES;
				CLANG_WARN_ENUM_CONVERSION = YES;
				CLANG_WARN_INT_CONVERSION = YES;
				CLANG_WARN__DUPLICATE_METHOD_MATCH = YES;
				"CODE_SIGN_IDENTITY[sdk=iphoneos*]" = "iPhone Developer";
				COPY_PHASE_STRIP = NO;
				GCC_C_LANGUAGE_STANDARD = gnu99;
				GCC_DYNAMIC_NO_PIC = NO;
				GCC_OPTIMIZATION_LEVEL = 0;
				GCC_PREPROCESSOR_DEFINITIONS = (
					"DEBUG=1",
					"$(inherited)",
				);
				GCC_SYMBOLS_PRIVATE_EXTERN = NO;
				GCC_WARN_ABOUT_RETURN_TYPE = YES;
				GCC_WARN_UNINITIALIZED_AUTOS = YES;
				GCC_WARN_UNUSED_VARIABLE = YES;
				HEADER_SEARCH_PATHS = "";
				IPHONEOS_DEPLOYMENT_TARGET = 6.1;
				ONLY_ACTIVE_ARCH = YES;
				OTHER_CFLAGS = "";
				OTHER_LDFLAGS = (
					"-ObjC",
					"-all_load\n-lxml2\n-all_load",
				);
				SDKROOT = iphoneos;
				TARGETED_DEVICE_FAMILY = 2;
				USER_HEADER_SEARCH_PATHS = "Users/nchindafam/Documents/AppTicks/ServiceRegistry/GTL_APIs/Source/Services/**";
			};
			name = Debug;
		};
		2A9850601748E22A00D8971B /* Release */ = {
			isa = XCBuildConfiguration;
			buildSettings = {
				ALWAYS_SEARCH_USER_PATHS = YES;
				CLANG_CXX_LANGUAGE_STANDARD = "gnu++0x";
				CLANG_CXX_LIBRARY = "libc++";
				CLANG_ENABLE_OBJC_ARC = YES;
				CLANG_WARN_CONSTANT_CONVERSION = YES;
				CLANG_WARN_EMPTY_BODY = YES;
				CLANG_WARN_ENUM_CONVERSION = YES;
				CLANG_WARN_INT_CONVERSION = YES;
				CLANG_WARN__DUPLICATE_METHOD_MATCH = YES;
				"CODE_SIGN_IDENTITY[sdk=iphoneos*]" = "iPhone Developer";
				COPY_PHASE_STRIP = YES;
				GCC_C_LANGUAGE_STANDARD = gnu99;
				GCC_WARN_ABOUT_RETURN_TYPE = YES;
				GCC_WARN_UNINITIALIZED_AUTOS = YES;
				GCC_WARN_UNUSED_VARIABLE = YES;
				HEADER_SEARCH_PATHS = "";
				IPHONEOS_DEPLOYMENT_TARGET = 6.1;
				OTHER_CFLAGS = "-DNS_BLOCK_ASSERTIONS=1";
				OTHER_LDFLAGS = (
					"-ObjC",
					"-all_load\n-lxml2\n-all_load",
				);
				SDKROOT = iphoneos;
				TARGETED_DEVICE_FAMILY = 2;
				USER_HEADER_SEARCH_PATHS = "Users/nchindafam/Documents/AppTicks/ServiceRegistry/GTL_APIs/Source/Services/**";
				VALIDATE_PRODUCT = YES;
			};
			name = Release;
		};
		2A9850621748E22A00D8971B /* Debug */ = {
			isa = XCBuildConfiguration;
			buildSettings = {
				ALWAYS_SEARCH_USER_PATHS = YES;
				FRAMEWORK_SEARCH_PATHS = (
					"$(inherited)",
					"\"$(SYSTEM_APPS_DIR)/Xcode.app/Contents/Developer/Library/Frameworks\"",
				);
				GCC_PRECOMPILE_PREFIX_HEADER = YES;
				GCC_PREFIX_HEADER = "Service Registry/Service Registry-Prefix.pch";
				HEADER_SEARCH_PATHS = "";
				INFOPLIST_FILE = "Service Registry/Service Registry-Info.plist";
				OTHER_CFLAGS = "";
				OTHER_LDFLAGS = (
					"-ObjC",
					"-all_load",
				);
				"OTHER_LDFLAGS[arch=*]" = "";
				PRODUCT_NAME = "$(TARGET_NAME)";
				USER_HEADER_SEARCH_PATHS = "Users/nchindafam/Documents/AppTicks/ServiceRegistry/GTL_APIs/Source/Services/**";
				WRAPPER_EXTENSION = app;
			};
			name = Debug;
		};
		2A9850631748E22A00D8971B /* Release */ = {
			isa = XCBuildConfiguration;
			buildSettings = {
				ALWAYS_SEARCH_USER_PATHS = YES;
				FRAMEWORK_SEARCH_PATHS = (
					"$(inherited)",
					"\"$(SYSTEM_APPS_DIR)/Xcode.app/Contents/Developer/Library/Frameworks\"",
				);
				GCC_PRECOMPILE_PREFIX_HEADER = YES;
				GCC_PREFIX_HEADER = "Service Registry/Service Registry-Prefix.pch";
				HEADER_SEARCH_PATHS = "";
				INFOPLIST_FILE = "Service Registry/Service Registry-Info.plist";
				OTHER_CFLAGS = (
					"-DNS_BLOCK_ASSERTIONS=1",
					"-DGDATA_REQUIRE_SERVICE_INCLUDES=1",
					"-DGDATA_INCLUDE_DRIVE_SERVICE=1",
				);
				OTHER_LDFLAGS = (
					"-ObjC",
					"-all_load",
				);
				PRODUCT_NAME = "$(TARGET_NAME)";
				USER_HEADER_SEARCH_PATHS = "Users/nchindafam/Documents/AppTicks/ServiceRegistry/GTL_APIs/Source/Services/**";
				WRAPPER_EXTENSION = app;
			};
			name = Release;
		};
		2A9850651748E22A00D8971B /* Debug */ = {
			isa = XCBuildConfiguration;
			buildSettings = {
				BUNDLE_LOADER = "$(BUILT_PRODUCTS_DIR)/Service Registry.app/Service Registry";
				FRAMEWORK_SEARCH_PATHS = (
					"\"$(SDKROOT)/Developer/Library/Frameworks\"",
					"\"$(DEVELOPER_LIBRARY_DIR)/Frameworks\"",
				);
				GCC_PRECOMPILE_PREFIX_HEADER = YES;
				GCC_PREFIX_HEADER = "Service Registry/Service Registry-Prefix.pch";
				INFOPLIST_FILE = "Service RegistryTests/Service RegistryTests-Info.plist";
				PRODUCT_NAME = "$(TARGET_NAME)";
				TEST_HOST = "$(BUNDLE_LOADER)";
				WRAPPER_EXTENSION = octest;
			};
			name = Debug;
		};
		2A9850661748E22A00D8971B /* Release */ = {
			isa = XCBuildConfiguration;
			buildSettings = {
				BUNDLE_LOADER = "$(BUILT_PRODUCTS_DIR)/Service Registry.app/Service Registry";
				FRAMEWORK_SEARCH_PATHS = (
					"\"$(SDKROOT)/Developer/Library/Frameworks\"",
					"\"$(DEVELOPER_LIBRARY_DIR)/Frameworks\"",
				);
				GCC_PRECOMPILE_PREFIX_HEADER = YES;
				GCC_PREFIX_HEADER = "Service Registry/Service Registry-Prefix.pch";
				INFOPLIST_FILE = "Service RegistryTests/Service RegistryTests-Info.plist";
				PRODUCT_NAME = "$(TARGET_NAME)";
				TEST_HOST = "$(BUNDLE_LOADER)";
				WRAPPER_EXTENSION = octest;
			};
			name = Release;
		};
/* End XCBuildConfiguration section */

/* Begin XCConfigurationList section */
		2A9850241748E22900D8971B /* Build configuration list for PBXProject "Service Registry" */ = {
			isa = XCConfigurationList;
			buildConfigurations = (
				2A98505F1748E22A00D8971B /* Debug */,
				2A9850601748E22A00D8971B /* Release */,
			);
			defaultConfigurationIsVisible = 0;
			defaultConfigurationName = Release;
		};
		2A9850611748E22A00D8971B /* Build configuration list for PBXNativeTarget "Service Registry" */ = {
			isa = XCConfigurationList;
			buildConfigurations = (
				2A9850621748E22A00D8971B /* Debug */,
				2A9850631748E22A00D8971B /* Release */,
			);
			defaultConfigurationIsVisible = 0;
			defaultConfigurationName = Release;
		};
		2A9850641748E22A00D8971B /* Build configuration list for PBXNativeTarget "Service RegistryTests" */ = {
			isa = XCConfigurationList;
			buildConfigurations = (
				2A9850651748E22A00D8971B /* Debug */,
				2A9850661748E22A00D8971B /* Release */,
			);
			defaultConfigurationIsVisible = 0;
			defaultConfigurationName = Release;
		};
/* End XCConfigurationList section */

/* Begin XCVersionGroup section */
		2A9850461748E22A00D8971B /* Service_Registry.xcdatamodeld */ = {
			isa = XCVersionGroup;
			children = (
				2A9850471748E22A00D8971B /* Service_Registry.xcdatamodel */,
			);
			currentVersion = 2A9850471748E22A00D8971B /* Service_Registry.xcdatamodel */;
			path = Service_Registry.xcdatamodeld;
			sourceTree = "<group>";
			versionGroupType = wrapper.xcdatamodel;
		};
/* End XCVersionGroup section */
	};
	rootObject = 2A9850211748E22900D8971B /* Project object */;
}
